// !$*UTF8*$!
{
	archiveVersion = 1;
	classes = {
	};
	objectVersion = 46;
	objects = {

/* Begin PBXBuildFile section */
		2829C39D1F8B15F900764707 /* JDStatusBarLayoutMarginHelper.m in Sources */ = {isa = PBXBuildFile; fileRef = 2829C39B1F8B15F800764707 /* JDStatusBarLayoutMarginHelper.m */; };
		D228A0CA182DA75A006B7ABB /* SBSelectPropertyViewController.m in Sources */ = {isa = PBXBuildFile; fileRef = D228A0C9182DA75A006B7ABB /* SBSelectPropertyViewController.m */; };
		D25B0FA5184F343700B8174B /* JDStatusBarView.m in Sources */ = {isa = PBXBuildFile; fileRef = D25B0FA4184F343600B8174B /* JDStatusBarView.m */; };
		D25B0FA8184F364100B8174B /* JDStatusBarStyle.m in Sources */ = {isa = PBXBuildFile; fileRef = D25B0FA7184F364100B8174B /* JDStatusBarStyle.m */; };
		D264F8911820213200DA0E53 /* Foundation.framework in Frameworks */ = {isa = PBXBuildFile; fileRef = D264F8901820213200DA0E53 /* Foundation.framework */; };
		D264F8931820213200DA0E53 /* CoreGraphics.framework in Frameworks */ = {isa = PBXBuildFile; fileRef = D264F8921820213200DA0E53 /* CoreGraphics.framework */; };
		D264F8951820213200DA0E53 /* UIKit.framework in Frameworks */ = {isa = PBXBuildFile; fileRef = D264F8941820213200DA0E53 /* UIKit.framework */; };
		D264F89D1820213200DA0E53 /* main.m in Sources */ = {isa = PBXBuildFile; fileRef = D264F89C1820213200DA0E53 /* main.m */; };
		D264F8A11820213200DA0E53 /* SBAppDelegate.m in Sources */ = {isa = PBXBuildFile; fileRef = D264F8A01820213200DA0E53 /* SBAppDelegate.m */; };
		D264F8A31820213200DA0E53 /* Images.xcassets in Resources */ = {isa = PBXBuildFile; fileRef = D264F8A21820213200DA0E53 /* Images.xcassets */; };
		D264F8C21820216300DA0E53 /* JDStatusBarNotification.m in Sources */ = {isa = PBXBuildFile; fileRef = D264F8C11820216300DA0E53 /* JDStatusBarNotification.m */; };
		D264F8C61820219F00DA0E53 /* SBExampleViewController.m in Sources */ = {isa = PBXBuildFile; fileRef = D264F8C41820219F00DA0E53 /* SBExampleViewController.m */; };
		D264F8C9182123D400DA0E53 /* QuartzCore.framework in Frameworks */ = {isa = PBXBuildFile; fileRef = D264F8C8182123D400DA0E53 /* QuartzCore.framework */; };
		D294B57B182D03E90042B5B4 /* SBCustomStyleViewController.m in Sources */ = {isa = PBXBuildFile; fileRef = D294B579182D03E90042B5B4 /* SBCustomStyleViewController.m */; };
		D294B57C182D03E90042B5B4 /* SBCustomStyleViewController.xib in Resources */ = {isa = PBXBuildFile; fileRef = D294B57A182D03E90042B5B4 /* SBCustomStyleViewController.xib */; };
		F6B832203F3F06128305E38E /* libPods-JDStatusBarNotificationExample.a in Frameworks */ = {isa = PBXBuildFile; fileRef = 2BD1CFB9D9E6851BAE2B5BBE /* libPods-JDStatusBarNotificationExample.a */; };
/* End PBXBuildFile section */

/* Begin PBXFileReference section */
		2829C39B1F8B15F800764707 /* JDStatusBarLayoutMarginHelper.m */ = {isa = PBXFileReference; lastKnownFileType = sourcecode.c.objc; path = JDStatusBarLayoutMarginHelper.m; sourceTree = "<group>"; };
		2829C39C1F8B15F800764707 /* JDStatusBarLayoutMarginHelper.h */ = {isa = PBXFileReference; lastKnownFileType = sourcecode.c.h; path = JDStatusBarLayoutMarginHelper.h; sourceTree = "<group>"; };
		2BD1CFB9D9E6851BAE2B5BBE /* libPods-JDStatusBarNotificationExample.a */ = {isa = PBXFileReference; explicitFileType = archive.ar; includeInIndex = 0; path = "libPods-JDStatusBarNotificationExample.a"; sourceTree = BUILT_PRODUCTS_DIR; };
		35A565C0DC8F2E5666B5C166 /* Pods-JDStatusBarNotificationExample.release.xcconfig */ = {isa = PBXFileReference; includeInIndex = 1; lastKnownFileType = text.xcconfig; name = "Pods-JDStatusBarNotificationExample.release.xcconfig"; path = "Pods/Target Support Files/Pods-JDStatusBarNotificationExample/Pods-JDStatusBarNotificationExample.release.xcconfig"; sourceTree = "<group>"; };
		7598E274F743302055AA53A7 /* Pods-JDStatusBarNotificationExample.debug.xcconfig */ = {isa = PBXFileReference; includeInIndex = 1; lastKnownFileType = text.xcconfig; name = "Pods-JDStatusBarNotificationExample.debug.xcconfig"; path = "Pods/Target Support Files/Pods-JDStatusBarNotificationExample/Pods-JDStatusBarNotificationExample.debug.xcconfig"; sourceTree = "<group>"; };
		D228A0C8182DA75A006B7ABB /* SBSelectPropertyViewController.h */ = {isa = PBXFileReference; fileEncoding = 4; lastKnownFileType = sourcecode.c.h; path = SBSelectPropertyViewController.h; sourceTree = "<group>"; };
		D228A0C9182DA75A006B7ABB /* SBSelectPropertyViewController.m */ = {isa = PBXFileReference; fileEncoding = 4; lastKnownFileType = sourcecode.c.objc; path = SBSelectPropertyViewController.m; sourceTree = "<group>"; };
		D25B0FA3184F343600B8174B /* JDStatusBarView.h */ = {isa = PBXFileReference; fileEncoding = 4; lastKnownFileType = sourcecode.c.h; path = JDStatusBarView.h; sourceTree = "<group>"; };
		D25B0FA4184F343600B8174B /* JDStatusBarView.m */ = {isa = PBXFileReference; fileEncoding = 4; lastKnownFileType = sourcecode.c.objc; path = JDStatusBarView.m; sourceTree = "<group>"; };
		D25B0FA6184F364100B8174B /* JDStatusBarStyle.h */ = {isa = PBXFileReference; fileEncoding = 4; lastKnownFileType = sourcecode.c.h; path = JDStatusBarStyle.h; sourceTree = "<group>"; };
		D25B0FA7184F364100B8174B /* JDStatusBarStyle.m */ = {isa = PBXFileReference; fileEncoding = 4; lastKnownFileType = sourcecode.c.objc; path = JDStatusBarStyle.m; sourceTree = "<group>"; };
		D264F88D1820213200DA0E53 /* JDStatusBarNotificationExample.app */ = {isa = PBXFileReference; explicitFileType = wrapper.application; includeInIndex = 0; path = JDStatusBarNotificationExample.app; sourceTree = BUILT_PRODUCTS_DIR; };
		D264F8901820213200DA0E53 /* Foundation.framework */ = {isa = PBXFileReference; lastKnownFileType = wrapper.framework; name = Foundation.framework; path = System/Library/Frameworks/Foundation.framework; sourceTree = SDKROOT; };
		D264F8921820213200DA0E53 /* CoreGraphics.framework */ = {isa = PBXFileReference; lastKnownFileType = wrapper.framework; name = CoreGraphics.framework; path = System/Library/Frameworks/CoreGraphics.framework; sourceTree = SDKROOT; };
		D264F8941820213200DA0E53 /* UIKit.framework */ = {isa = PBXFileReference; lastKnownFileType = wrapper.framework; name = UIKit.framework; path = System/Library/Frameworks/UIKit.framework; sourceTree = SDKROOT; };
		D264F8981820213200DA0E53 /* JDStatusBarNotificationExample-Info.plist */ = {isa = PBXFileReference; lastKnownFileType = text.plist.xml; path = "JDStatusBarNotificationExample-Info.plist"; sourceTree = "<group>"; };
		D264F89C1820213200DA0E53 /* main.m */ = {isa = PBXFileReference; lastKnownFileType = sourcecode.c.objc; path = main.m; sourceTree = "<group>"; };
		D264F89E1820213200DA0E53 /* JDStatusBarNotificationExample-Prefix.pch */ = {isa = PBXFileReference; lastKnownFileType = sourcecode.c.h; path = "JDStatusBarNotificationExample-Prefix.pch"; sourceTree = "<group>"; };
		D264F89F1820213200DA0E53 /* SBAppDelegate.h */ = {isa = PBXFileReference; lastKnownFileType = sourcecode.c.h; path = SBAppDelegate.h; sourceTree = "<group>"; };
		D264F8A01820213200DA0E53 /* SBAppDelegate.m */ = {isa = PBXFileReference; lastKnownFileType = sourcecode.c.objc; path = SBAppDelegate.m; sourceTree = "<group>"; };
		D264F8A21820213200DA0E53 /* Images.xcassets */ = {isa = PBXFileReference; lastKnownFileType = folder.assetcatalog; path = Images.xcassets; sourceTree = "<group>"; };
		D264F8C01820216300DA0E53 /* JDStatusBarNotification.h */ = {isa = PBXFileReference; fileEncoding = 4; lastKnownFileType = sourcecode.c.h; path = JDStatusBarNotification.h; sourceTree = "<group>"; };
		D264F8C11820216300DA0E53 /* JDStatusBarNotification.m */ = {isa = PBXFileReference; fileEncoding = 4; lastKnownFileType = sourcecode.c.objc; path = JDStatusBarNotification.m; sourceTree = "<group>"; };
		D264F8C31820219F00DA0E53 /* SBExampleViewController.h */ = {isa = PBXFileReference; fileEncoding = 4; lastKnownFileType = sourcecode.c.h; path = SBExampleViewController.h; sourceTree = "<group>"; };
		D264F8C41820219F00DA0E53 /* SBExampleViewController.m */ = {isa = PBXFileReference; fileEncoding = 4; lastKnownFileType = sourcecode.c.objc; path = SBExampleViewController.m; sourceTree = "<group>"; };
		D264F8C8182123D400DA0E53 /* QuartzCore.framework */ = {isa = PBXFileReference; lastKnownFileType = wrapper.framework; name = QuartzCore.framework; path = System/Library/Frameworks/QuartzCore.framework; sourceTree = SDKROOT; };
		D294B578182D03E90042B5B4 /* SBCustomStyleViewController.h */ = {isa = PBXFileReference; fileEncoding = 4; lastKnownFileType = sourcecode.c.h; path = SBCustomStyleViewController.h; sourceTree = "<group>"; };
		D294B579182D03E90042B5B4 /* SBCustomStyleViewController.m */ = {isa = PBXFileReference; fileEncoding = 4; lastKnownFileType = sourcecode.c.objc; path = SBCustomStyleViewController.m; sourceTree = "<group>"; };
		D294B57A182D03E90042B5B4 /* SBCustomStyleViewController.xib */ = {isa = PBXFileReference; fileEncoding = 4; lastKnownFileType = file.xib; path = SBCustomStyleViewController.xib; sourceTree = "<group>"; };
/* End PBXFileReference section */

/* Begin PBXFrameworksBuildPhase section */
		D264F88A1820213200DA0E53 /* Frameworks */ = {
			isa = PBXFrameworksBuildPhase;
			buildActionMask = 2147483647;
			files = (
				D264F8C9182123D400DA0E53 /* QuartzCore.framework in Frameworks */,
				D264F8931820213200DA0E53 /* CoreGraphics.framework in Frameworks */,
				D264F8951820213200DA0E53 /* UIKit.framework in Frameworks */,
				D264F8911820213200DA0E53 /* Foundation.framework in Frameworks */,
				F6B832203F3F06128305E38E /* libPods-JDStatusBarNotificationExample.a in Frameworks */,
			);
			runOnlyForDeploymentPostprocessing = 0;
		};
/* End PBXFrameworksBuildPhase section */

/* Begin PBXGroup section */
		D264F8841820213200DA0E53 = {
			isa = PBXGroup;
			children = (
				D264F8BF1820216300DA0E53 /* JDStatusBarNotification */,
				D264F8961820213200DA0E53 /* JDStatusBarNotificationExample */,
				D264F88F1820213200DA0E53 /* Frameworks */,
				D264F88E1820213200DA0E53 /* Products */,
				FA9CDC4E6B87609F78DBB1CD /* Pods */,
			);
			sourceTree = "<group>";
		};
		D264F88E1820213200DA0E53 /* Products */ = {
			isa = PBXGroup;
			children = (
				D264F88D1820213200DA0E53 /* JDStatusBarNotificationExample.app */,
			);
			name = Products;
			sourceTree = "<group>";
		};
		D264F88F1820213200DA0E53 /* Frameworks */ = {
			isa = PBXGroup;
			children = (
				D264F8901820213200DA0E53 /* Foundation.framework */,
				D264F8921820213200DA0E53 /* CoreGraphics.framework */,
				D264F8C8182123D400DA0E53 /* QuartzCore.framework */,
				D264F8941820213200DA0E53 /* UIKit.framework */,
				2BD1CFB9D9E6851BAE2B5BBE /* libPods-JDStatusBarNotificationExample.a */,
			);
			name = Frameworks;
			sourceTree = "<group>";
		};
		D264F8961820213200DA0E53 /* JDStatusBarNotificationExample */ = {
			isa = PBXGroup;
			children = (
				D264F89F1820213200DA0E53 /* SBAppDelegate.h */,
				D264F8A01820213200DA0E53 /* SBAppDelegate.m */,
				D264F8C31820219F00DA0E53 /* SBExampleViewController.h */,
				D264F8C41820219F00DA0E53 /* SBExampleViewController.m */,
				D294B578182D03E90042B5B4 /* SBCustomStyleViewController.h */,
				D294B579182D03E90042B5B4 /* SBCustomStyleViewController.m */,
				D294B57A182D03E90042B5B4 /* SBCustomStyleViewController.xib */,
				D228A0C8182DA75A006B7ABB /* SBSelectPropertyViewController.h */,
				D228A0C9182DA75A006B7ABB /* SBSelectPropertyViewController.m */,
				D264F8A21820213200DA0E53 /* Images.xcassets */,
				D264F8971820213200DA0E53 /* Supporting Files */,
			);
			path = JDStatusBarNotificationExample;
			sourceTree = "<group>";
		};
		D264F8971820213200DA0E53 /* Supporting Files */ = {
			isa = PBXGroup;
			children = (
				D264F8981820213200DA0E53 /* JDStatusBarNotificationExample-Info.plist */,
				D264F89C1820213200DA0E53 /* main.m */,
				D264F89E1820213200DA0E53 /* JDStatusBarNotificationExample-Prefix.pch */,
			);
			name = "Supporting Files";
			sourceTree = "<group>";
		};
		D264F8BF1820216300DA0E53 /* JDStatusBarNotification */ = {
			isa = PBXGroup;
			children = (
				2829C39C1F8B15F800764707 /* JDStatusBarLayoutMarginHelper.h */,
				2829C39B1F8B15F800764707 /* JDStatusBarLayoutMarginHelper.m */,
				D264F8C01820216300DA0E53 /* JDStatusBarNotification.h */,
				D264F8C11820216300DA0E53 /* JDStatusBarNotification.m */,
				D25B0FA6184F364100B8174B /* JDStatusBarStyle.h */,
				D25B0FA7184F364100B8174B /* JDStatusBarStyle.m */,
				D25B0FA3184F343600B8174B /* JDStatusBarView.h */,
				D25B0FA4184F343600B8174B /* JDStatusBarView.m */,
			);
			name = JDStatusBarNotification;
			path = ../JDStatusBarNotification;
			sourceTree = "<group>";
		};
		FA9CDC4E6B87609F78DBB1CD /* Pods */ = {
			isa = PBXGroup;
			children = (
				7598E274F743302055AA53A7 /* Pods-JDStatusBarNotificationExample.debug.xcconfig */,
				35A565C0DC8F2E5666B5C166 /* Pods-JDStatusBarNotificationExample.release.xcconfig */,
			);
			name = Pods;
			sourceTree = "<group>";
		};
/* End PBXGroup section */

/* Begin PBXNativeTarget section */
		D264F88C1820213200DA0E53 /* JDStatusBarNotificationExample */ = {
			isa = PBXNativeTarget;
			buildConfigurationList = D264F8B91820213200DA0E53 /* Build configuration list for PBXNativeTarget "JDStatusBarNotificationExample" */;
			buildPhases = (
				F1A532B70816D85B355B2034 /* [CP] Check Pods Manifest.lock */,
				D264F8891820213200DA0E53 /* Sources */,
				D264F88A1820213200DA0E53 /* Frameworks */,
				D264F88B1820213200DA0E53 /* Resources */,
				8D3E431CACBEAD44A2A7C296 /* [CP] Copy Pods Resources */,
			);
			buildRules = (
			);
			dependencies = (
			);
			name = JDStatusBarNotificationExample;
			productName = JDStatusBarNotificationExample;
			productReference = D264F88D1820213200DA0E53 /* JDStatusBarNotificationExample.app */;
			productType = "com.apple.product-type.application";
		};
/* End PBXNativeTarget section */

/* Begin PBXProject section */
		D264F8851820213200DA0E53 /* Project object */ = {
			isa = PBXProject;
			attributes = {
				CLASSPREFIX = SB;
				LastUpgradeCheck = 0900;
				ORGANIZATIONNAME = Markus;
			};
			buildConfigurationList = D264F8881820213200DA0E53 /* Build configuration list for PBXProject "JDStatusBarNotificationExample" */;
			compatibilityVersion = "Xcode 3.2";
			developmentRegion = English;
			hasScannedForEncodings = 0;
			knownRegions = (
				en,
			);
			mainGroup = D264F8841820213200DA0E53;
			productRefGroup = D264F88E1820213200DA0E53 /* Products */;
			projectDirPath = "";
			projectRoot = "";
			targets = (
				D264F88C1820213200DA0E53 /* JDStatusBarNotificationExample */,
			);
		};
/* End PBXProject section */

/* Begin PBXResourcesBuildPhase section */
		D264F88B1820213200DA0E53 /* Resources */ = {
			isa = PBXResourcesBuildPhase;
			buildActionMask = 2147483647;
			files = (
				D294B57C182D03E90042B5B4 /* SBCustomStyleViewController.xib in Resources */,
				D264F8A31820213200DA0E53 /* Images.xcassets in Resources */,
			);
			runOnlyForDeploymentPostprocessing = 0;
		};
/* End PBXResourcesBuildPhase section */

/* Begin PBXShellScriptBuildPhase section */
		8D3E431CACBEAD44A2A7C296 /* [CP] Copy Pods Resources */ = {
			isa = PBXShellScriptBuildPhase;
			buildActionMask = 2147483647;
			files = (
			);
			inputPaths = (
				"${SRCROOT}/Pods/Target Support Files/Pods-JDStatusBarNotificationExample/Pods-JDStatusBarNotificationExample-resources.sh",
				"${PODS_ROOT}/FTFontSelector/Assets/FTFontSelector.bundle",
				"${PODS_ROOT}/InfColorPicker/InfColorPicker/InfColorPickerView.xib",
			);
			name = "[CP] Copy Pods Resources";
			outputPaths = (
				"${TARGET_BUILD_DIR}/${UNLOCALIZED_RESOURCES_FOLDER_PATH}/FTFontSelector.bundle",
				"${TARGET_BUILD_DIR}/${UNLOCALIZED_RESOURCES_FOLDER_PATH}/InfColorPickerView.nib",
			);
			runOnlyForDeploymentPostprocessing = 0;
			shellPath = /bin/sh;
			shellScript = "\"${SRCROOT}/Pods/Target Support Files/Pods-JDStatusBarNotificationExample/Pods-JDStatusBarNotificationExample-resources.sh\"\n";
			showEnvVarsInLog = 0;
		};
		F1A532B70816D85B355B2034 /* [CP] Check Pods Manifest.lock */ = {
			isa = PBXShellScriptBuildPhase;
			buildActionMask = 2147483647;
			files = (
			);
			inputPaths = (
				"${PODS_PODFILE_DIR_PATH}/Podfile.lock",
				"${PODS_ROOT}/Manifest.lock",
			);
			name = "[CP] Check Pods Manifest.lock";
			outputPaths = (
				"$(DERIVED_FILE_DIR)/Pods-JDStatusBarNotificationExample-checkManifestLockResult.txt",
			);
			runOnlyForDeploymentPostprocessing = 0;
			shellPath = /bin/sh;
			shellScript = "diff \"${PODS_PODFILE_DIR_PATH}/Podfile.lock\" \"${PODS_ROOT}/Manifest.lock\" > /dev/null\nif [ $? != 0 ] ; then\n    # print error to STDERR\n    echo \"error: The sandbox is not in sync with the Podfile.lock. Run 'pod install' or update your CocoaPods installation.\" >&2\n    exit 1\nfi\n# This output is used by Xcode 'outputs' to avoid re-running this script phase.\necho \"SUCCESS\" > \"${SCRIPT_OUTPUT_FILE_0}\"\n";
			showEnvVarsInLog = 0;
		};
/* End PBXShellScriptBuildPhase section */

/* Begin PBXSourcesBuildPhase section */
		D264F8891820213200DA0E53 /* Sources */ = {
			isa = PBXSourcesBuildPhase;
			buildActionMask = 2147483647;
			files = (
				D264F89D1820213200DA0E53 /* main.m in Sources */,
				D25B0FA5184F343700B8174B /* JDStatusBarView.m in Sources */,
				D264F8A11820213200DA0E53 /* SBAppDelegate.m in Sources */,
				D264F8C21820216300DA0E53 /* JDStatusBarNotification.m in Sources */,
				D264F8C61820219F00DA0E53 /* SBExampleViewController.m in Sources */,
				D25B0FA8184F364100B8174B /* JDStatusBarStyle.m in Sources */,
				2829C39D1F8B15F900764707 /* JDStatusBarLayoutMarginHelper.m in Sources */,
				D228A0CA182DA75A006B7ABB /* SBSelectPropertyViewController.m in Sources */,
				D294B57B182D03E90042B5B4 /* SBCustomStyleViewController.m in Sources */,
			);
			runOnlyForDeploymentPostprocessing = 0;
		};
/* End PBXSourcesBuildPhase section */

/* Begin XCBuildConfiguration section */
		D264F8B71820213200DA0E53 /* Debug */ = {
			isa = XCBuildConfiguration;
			buildSettings = {
				ALWAYS_SEARCH_USER_PATHS = NO;
				CLANG_CXX_LANGUAGE_STANDARD = "gnu++0x";
				CLANG_CXX_LIBRARY = "libc++";
				CLANG_ENABLE_MODULES = YES;
				CLANG_ENABLE_OBJC_ARC = YES;
				CLANG_WARN_BLOCK_CAPTURE_AUTORELEASING = YES;
				CLANG_WARN_BOOL_CONVERSION = YES;
				CLANG_WARN_COMMA = YES;
				CLANG_WARN_CONSTANT_CONVERSION = YES;
				CLANG_WARN_DIRECT_OBJC_ISA_USAGE = YES_ERROR;
				CLANG_WARN_EMPTY_BODY = YES;
				CLANG_WARN_ENUM_CONVERSION = YES;
				CLANG_WARN_INFINITE_RECURSION = YES;
				CLANG_WARN_INT_CONVERSION = YES;
				CLANG_WARN_NON_LITERAL_NULL_CONVERSION = YES;
				CLANG_WARN_OBJC_LITERAL_CONVERSION = YES;
				CLANG_WARN_OBJC_ROOT_CLASS = YES_ERROR;
				CLANG_WARN_RANGE_LOOP_ANALYSIS = YES;
				CLANG_WARN_STRICT_PROTOTYPES = YES;
				CLANG_WARN_SUSPICIOUS_MOVE = YES;
				CLANG_WARN_UNREACHABLE_CODE = YES;
				CLANG_WARN__DUPLICATE_METHOD_MATCH = YES;
				"CODE_SIGN_IDENTITY[sdk=iphoneos*]" = "iPhone Developer";
				COPY_PHASE_STRIP = NO;
				ENABLE_STRICT_OBJC_MSGSEND = YES;
				ENABLE_TESTABILITY = YES;
				GCC_C_LANGUAGE_STANDARD = gnu99;
				GCC_DYNAMIC_NO_PIC = NO;
				GCC_NO_COMMON_BLOCKS = YES;
				GCC_OPTIMIZATION_LEVEL = 0;
				GCC_PREPROCESSOR_DEFINITIONS = (
					"DEBUG=1",
					"$(inherited)",
				);
				GCC_SYMBOLS_PRIVATE_EXTERN = NO;
				GCC_WARN_64_TO_32_BIT_CONVERSION = YES;
				GCC_WARN_ABOUT_RETURN_TYPE = YES_ERROR;
				GCC_WARN_UNDECLARED_SELECTOR = YES;
				GCC_WARN_UNINITIALIZED_AUTOS = YES;
				GCC_WARN_UNUSED_FUNCTION = YES;
				GCC_WARN_UNUSED_VARIABLE = YES;
				IPHONEOS_DEPLOYMENT_TARGET = 8.0;
				ONLY_ACTIVE_ARCH = YES;
				SDKROOT = iphoneos;
				TARGETED_DEVICE_FAMILY = "1,2";
			};
			name = Debug;
		};
		D264F8B81820213200DA0E53 /* Release */ = {
			isa = XCBuildConfiguration;
			buildSettings = {
				ALWAYS_SEARCH_USER_PATHS = NO;
				CLANG_CXX_LANGUAGE_STANDARD = "gnu++0x";
				CLANG_CXX_LIBRARY = "libc++";
				CLANG_ENABLE_MODULES = YES;
				CLANG_ENABLE_OBJC_ARC = YES;
				CLANG_WARN_BLOCK_CAPTURE_AUTORELEASING = YES;
				CLANG_WARN_BOOL_CONVERSION = YES;
				CLANG_WARN_COMMA = YES;
				CLANG_WARN_CONSTANT_CONVERSION = YES;
				CLANG_WARN_DIRECT_OBJC_ISA_USAGE = YES_ERROR;
				CLANG_WARN_EMPTY_BODY = YES;
				CLANG_WARN_ENUM_CONVERSION = YES;
				CLANG_WARN_INFINITE_RECURSION = YES;
				CLANG_WARN_INT_CONVERSION = YES;
				CLANG_WARN_NON_LITERAL_NULL_CONVERSION = YES;
				CLANG_WARN_OBJC_LITERAL_CONVERSION = YES;
				CLANG_WARN_OBJC_ROOT_CLASS = YES_ERROR;
				CLANG_WARN_RANGE_LOOP_ANALYSIS = YES;
				CLANG_WARN_STRICT_PROTOTYPES = YES;
				CLANG_WARN_SUSPICIOUS_MOVE = YES;
				CLANG_WARN_UNREACHABLE_CODE = YES;
				CLANG_WARN__DUPLICATE_METHOD_MATCH = YES;
				"CODE_SIGN_IDENTITY[sdk=iphoneos*]" = "iPhone Developer";
				COPY_PHASE_STRIP = YES;
				ENABLE_NS_ASSERTIONS = NO;
				ENABLE_STRICT_OBJC_MSGSEND = YES;
				GCC_C_LANGUAGE_STANDARD = gnu99;
				GCC_NO_COMMON_BLOCKS = YES;
				GCC_WARN_64_TO_32_BIT_CONVERSION = YES;
				GCC_WARN_ABOUT_RETURN_TYPE = YES_ERROR;
				GCC_WARN_UNDECLARED_SELECTOR = YES;
				GCC_WARN_UNINITIALIZED_AUTOS = YES;
				GCC_WARN_UNUSED_FUNCTION = YES;
				GCC_WARN_UNUSED_VARIABLE = YES;
				IPHONEOS_DEPLOYMENT_TARGET = 8.0;
				SDKROOT = iphoneos;
				TARGETED_DEVICE_FAMILY = "1,2";
				VALIDATE_PRODUCT = YES;
			};
			name = Release;
		};
		D264F8BA1820213200DA0E53 /* Debug */ = {
			isa = XCBuildConfiguration;
			baseConfigurationReference = 7598E274F743302055AA53A7 /* Pods-JDStatusBarNotificationExample.debug.xcconfig */;
			buildSettings = {
				ASSETCATALOG_COMPILER_APPICON_NAME = AppIcon;
				ASSETCATALOG_COMPILER_LAUNCHIMAGE_NAME = LaunchImage;
				DEVELOPMENT_TEAM = "";
				GCC_PRECOMPILE_PREFIX_HEADER = YES;
				GCC_PREFIX_HEADER = "JDStatusBarNotificationExample/JDStatusBarNotificationExample-Prefix.pch";
				INFOPLIST_FILE = "JDStatusBarNotificationExample/JDStatusBarNotificationExample-Info.plist";
				PRODUCT_BUNDLE_IDENTIFIER = "de.nxtbgthng.${PRODUCT_NAME:rfc1034identifier}";
				PRODUCT_NAME = "$(TARGET_NAME)";
				WARNING_CFLAGS = "-Wall";
				WRAPPER_EXTENSION = app;
			};
			name = Debug;
		};
		D264F8BB1820213200DA0E53 /* Release */ = {
			isa = XCBuildConfiguration;
			baseConfigurationReference = 35A565C0DC8F2E5666B5C166 /* Pods-JDStatusBarNotificationExample.release.xcconfig */;
			buildSettings = {
				ASSETCATALOG_COMPILER_APPICON_NAME = AppIcon;
				ASSETCATALOG_COMPILER_LAUNCHIMAGE_NAME = LaunchImage;
				DEVELOPMENT_TEAM = "";
				GCC_PRECOMPILE_PREFIX_HEADER = YES;
				GCC_PREFIX_HEADER = "JDStatusBarNotificationExample/JDStatusBarNotificationExample-Prefix.pch";
				INFOPLIST_FILE = "JDStatusBarNotificationExample/JDStatusBarNotificationExample-Info.plist";
				PRODUCT_BUNDLE_IDENTIFIER = "de.nxtbgthng.${PRODUCT_NAME:rfc1034identifier}";
				PRODUCT_NAME = "$(TARGET_NAME)";
				WARNING_CFLAGS = "-Wall";
				WRAPPER_EXTENSION = app;
			};
			name = Release;
		};
/* End XCBuildConfiguration section */

/* Begin XCConfigurationList section */
		D264F8881820213200DA0E53 /* Build configuration list for PBXProject "JDStatusBarNotificationExample" */ = {
			isa = XCConfigurationList;
			buildConfigurations = (
				D264F8B71820213200DA0E53 /* Debug */,
				D264F8B81820213200DA0E53 /* Release */,
			);
			defaultConfigurationIsVisible = 0;
			defaultConfigurationName = Release;
		};
		D264F8B91820213200DA0E53 /* Build configuration list for PBXNativeTarget "JDStatusBarNotificationExample" */ = {
			isa = XCConfigurationList;
			buildConfigurations = (
				D264F8BA1820213200DA0E53 /* Debug */,
				D264F8BB1820213200DA0E53 /* Release */,
			);
			defaultConfigurationIsVisible = 0;
			defaultConfigurationName = Release;
		};
/* End XCConfigurationList section */
	};
	rootObject = D264F8851820213200DA0E53 /* Project object */;
}
