// !$*UTF8*$!
{
	archiveVersion = 1;
	classes = {
	};
	objectVersion = 46;
	objects = {

/* Begin PBXBuildFile section */
		7E0FCB75285DAEB200E7CB78 /* FontPickerView.swift in Sources */ = {isa = PBXBuildFile; fileRef = 7E0FCB74285DAEB200E7CB78 /* FontPickerView.swift */; };
		7E0FCB76285DAEB200E7CB78 /* FontPickerView.swift in Sources */ = {isa = PBXBuildFile; fileRef = 7E0FCB74285DAEB200E7CB78 /* FontPickerView.swift */; };
		7E0FCB77285DAEB200E7CB78 /* FontPickerView.swift in Sources */ = {isa = PBXBuildFile; fileRef = 7E0FCB74285DAEB200E7CB78 /* FontPickerView.swift */; };
		7E0FCB79285DAEE800E7CB78 /* FormViews.swift in Sources */ = {isa = PBXBuildFile; fileRef = 7E0FCB78285DAEE800E7CB78 /* FormViews.swift */; };
		7E0FCB7A285DAEE800E7CB78 /* FormViews.swift in Sources */ = {isa = PBXBuildFile; fileRef = 7E0FCB78285DAEE800E7CB78 /* FormViews.swift */; };
		7E0FCB7B285DAEE800E7CB78 /* FormViews.swift in Sources */ = {isa = PBXBuildFile; fileRef = 7E0FCB78285DAEE800E7CB78 /* FormViews.swift */; };
		7E1C283328520F56004315CC /* JDStatusBarAnimator.m in Sources */ = {isa = PBXBuildFile; fileRef = 7E1C283228520F56004315CC /* JDStatusBarAnimator.m */; };
		7E1C283428520F56004315CC /* JDStatusBarAnimator.m in Sources */ = {isa = PBXBuildFile; fileRef = 7E1C283228520F56004315CC /* JDStatusBarAnimator.m */; };
		7E1C283528520F56004315CC /* JDStatusBarAnimator.m in Sources */ = {isa = PBXBuildFile; fileRef = 7E1C283228520F56004315CC /* JDStatusBarAnimator.m */; };
		7E1C2837285226F5004315CC /* EnumPickerOptionView.swift in Sources */ = {isa = PBXBuildFile; fileRef = 7E1C2836285226F5004315CC /* EnumPickerOptionView.swift */; };
		7E1C2838285226F5004315CC /* EnumPickerOptionView.swift in Sources */ = {isa = PBXBuildFile; fileRef = 7E1C2836285226F5004315CC /* EnumPickerOptionView.swift */; };
		7E1C2839285226F5004315CC /* EnumPickerOptionView.swift in Sources */ = {isa = PBXBuildFile; fileRef = 7E1C2836285226F5004315CC /* EnumPickerOptionView.swift */; };
		7E2F3BBB284F6144002B2181 /* ObservableCustomStyle.swift in Sources */ = {isa = PBXBuildFile; fileRef = 7E2F3BBA284F6144002B2181 /* ObservableCustomStyle.swift */; };
		7E2F3BBC284F6144002B2181 /* ObservableCustomStyle.swift in Sources */ = {isa = PBXBuildFile; fileRef = 7E2F3BBA284F6144002B2181 /* ObservableCustomStyle.swift */; };
		7E2F3BBD284F6144002B2181 /* ObservableCustomStyle.swift in Sources */ = {isa = PBXBuildFile; fileRef = 7E2F3BBA284F6144002B2181 /* ObservableCustomStyle.swift */; };
		7E67050D284A4BE900AD58E1 /* ExamplesScreen.swift in Sources */ = {isa = PBXBuildFile; fileRef = 7E67050C284A4BE900AD58E1 /* ExamplesScreen.swift */; };
		7E67050E284A4BE900AD58E1 /* ExamplesScreen.swift in Sources */ = {isa = PBXBuildFile; fileRef = 7E67050C284A4BE900AD58E1 /* ExamplesScreen.swift */; };
		7E670513284B177B00AD58E1 /* StyleEditorScreen.swift in Sources */ = {isa = PBXBuildFile; fileRef = 7E670512284B177B00AD58E1 /* StyleEditorScreen.swift */; };
		7E670514284B177B00AD58E1 /* StyleEditorScreen.swift in Sources */ = {isa = PBXBuildFile; fileRef = 7E670512284B177B00AD58E1 /* StyleEditorScreen.swift */; };
		7E6FBC22285EF3B100A63FEF /* ExampleStyle.swift in Sources */ = {isa = PBXBuildFile; fileRef = 7E6FBC21285EF3B100A63FEF /* ExampleStyle.swift */; };
		7E6FBC23285EF3B100A63FEF /* ExampleStyle.swift in Sources */ = {isa = PBXBuildFile; fileRef = 7E6FBC21285EF3B100A63FEF /* ExampleStyle.swift */; };
		7E6FBC24285EF3B100A63FEF /* ExampleStyle.swift in Sources */ = {isa = PBXBuildFile; fileRef = 7E6FBC21285EF3B100A63FEF /* ExampleStyle.swift */; };
		7E8B9AEF283B6FD300507BC1 /* Launch Screen.storyboard in Resources */ = {isa = PBXBuildFile; fileRef = 7E8B9AEE283B6FD300507BC1 /* Launch Screen.storyboard */; };
		7E8C519928585BE400C7C003 /* JDStatusBarStyle.m in Sources */ = {isa = PBXBuildFile; fileRef = 7E8C519728585BE400C7C003 /* JDStatusBarStyle.m */; };
		7E8C519A28585BE400C7C003 /* JDStatusBarStyle.m in Sources */ = {isa = PBXBuildFile; fileRef = 7E8C519728585BE400C7C003 /* JDStatusBarStyle.m */; };
		7E8C519B28585BE400C7C003 /* JDStatusBarStyle.m in Sources */ = {isa = PBXBuildFile; fileRef = 7E8C519728585BE400C7C003 /* JDStatusBarStyle.m */; };
		7E8C519C28585BE400C7C003 /* JDStatusBarNotificationPresenter.m in Sources */ = {isa = PBXBuildFile; fileRef = 7E8C519828585BE400C7C003 /* JDStatusBarNotificationPresenter.m */; };
		7E8C519D28585BE400C7C003 /* JDStatusBarNotificationPresenter.m in Sources */ = {isa = PBXBuildFile; fileRef = 7E8C519828585BE400C7C003 /* JDStatusBarNotificationPresenter.m */; };
		7E8C519E28585BE400C7C003 /* JDStatusBarNotificationPresenter.m in Sources */ = {isa = PBXBuildFile; fileRef = 7E8C519828585BE400C7C003 /* JDStatusBarNotificationPresenter.m */; };
		7E8C51A02858857200C7C003 /* TextStyleEditorView.swift in Sources */ = {isa = PBXBuildFile; fileRef = 7E8C519F2858857200C7C003 /* TextStyleEditorView.swift */; };
		7E8C51A12858857200C7C003 /* TextStyleEditorView.swift in Sources */ = {isa = PBXBuildFile; fileRef = 7E8C519F2858857200C7C003 /* TextStyleEditorView.swift */; };
		7E8C51A22858857200C7C003 /* TextStyleEditorView.swift in Sources */ = {isa = PBXBuildFile; fileRef = 7E8C519F2858857200C7C003 /* TextStyleEditorView.swift */; };
		7EA91CAA284EF3AF00F32F09 /* JDStatusBarManagerHelper.m in Sources */ = {isa = PBXBuildFile; fileRef = 7EE516D5284711C900685DDF /* JDStatusBarManagerHelper.m */; };
		7EA91CAB284EF3AF00F32F09 /* JDStatusBarWindow.m in Sources */ = {isa = PBXBuildFile; fileRef = 7ED140912847557600593D6F /* JDStatusBarWindow.m */; };
		7EA91CAD284EF3AF00F32F09 /* JDStatusBarView.m in Sources */ = {isa = PBXBuildFile; fileRef = D25B0FA4184F343600B8174B /* JDStatusBarView.m */; };
		7EA91CAF284EF3AF00F32F09 /* JDStatusBarStyleCache.m in Sources */ = {isa = PBXBuildFile; fileRef = 7ED140962848513800593D6F /* JDStatusBarStyleCache.m */; };
		7EA91CB0284EF3AF00F32F09 /* SBExampleViewController.m in Sources */ = {isa = PBXBuildFile; fileRef = D264F8C41820219F00DA0E53 /* SBExampleViewController.m */; };
		7EA91CB2284EF3AF00F32F09 /* StyleEditorScreen.swift in Sources */ = {isa = PBXBuildFile; fileRef = 7E670512284B177B00AD58E1 /* StyleEditorScreen.swift */; };
		7EA91CB3284EF3AF00F32F09 /* ExamplesScreen.swift in Sources */ = {isa = PBXBuildFile; fileRef = 7E67050C284A4BE900AD58E1 /* ExamplesScreen.swift */; };
		7EA91CB4284EF3AF00F32F09 /* SBAppDelegate.m in Sources */ = {isa = PBXBuildFile; fileRef = D264F8A01820213200DA0E53 /* SBAppDelegate.m */; };
		7EA91CB5284EF3AF00F32F09 /* UIApplication+JDSB_MainWindow.m in Sources */ = {isa = PBXBuildFile; fileRef = 7EBE340D2844CA2D0096CD55 /* UIApplication+JDSB_MainWindow.m */; };
		7EA91CB6284EF3AF00F32F09 /* main.m in Sources */ = {isa = PBXBuildFile; fileRef = D264F89C1820213200DA0E53 /* main.m */; };
		7EA91CB8284EF3AF00F32F09 /* JDStatusBarLayoutMarginHelper.m in Sources */ = {isa = PBXBuildFile; fileRef = 7EBE340E2844CA2D0096CD55 /* JDStatusBarLayoutMarginHelper.m */; };
		7EA91CB9284EF3AF00F32F09 /* JDStatusBarNotificationViewController.m in Sources */ = {isa = PBXBuildFile; fileRef = 7EBE340F2844CA2D0096CD55 /* JDStatusBarNotificationViewController.m */; };
		7EA91CBB284EF3AF00F32F09 /* UIKit.framework in Frameworks */ = {isa = PBXBuildFile; fileRef = D264F8941820213200DA0E53 /* UIKit.framework */; };
		7EA91CBC284EF3AF00F32F09 /* Foundation.framework in Frameworks */ = {isa = PBXBuildFile; fileRef = D264F8901820213200DA0E53 /* Foundation.framework */; };
		7EA91CBE284EF3AF00F32F09 /* Launch Screen.storyboard in Resources */ = {isa = PBXBuildFile; fileRef = 7E8B9AEE283B6FD300507BC1 /* Launch Screen.storyboard */; };
		7EA91CBF284EF3AF00F32F09 /* Images.xcassets in Resources */ = {isa = PBXBuildFile; fileRef = D264F8A21820213200DA0E53 /* Images.xcassets */; };
		7EBE34122844CA2D0096CD55 /* UIApplication+JDSB_MainWindow.m in Sources */ = {isa = PBXBuildFile; fileRef = 7EBE340D2844CA2D0096CD55 /* UIApplication+JDSB_MainWindow.m */; };
		7EBE34132844CA2D0096CD55 /* UIApplication+JDSB_MainWindow.m in Sources */ = {isa = PBXBuildFile; fileRef = 7EBE340D2844CA2D0096CD55 /* UIApplication+JDSB_MainWindow.m */; };
		7EBE34142844CA2D0096CD55 /* JDStatusBarLayoutMarginHelper.m in Sources */ = {isa = PBXBuildFile; fileRef = 7EBE340E2844CA2D0096CD55 /* JDStatusBarLayoutMarginHelper.m */; };
		7EBE34152844CA2D0096CD55 /* JDStatusBarLayoutMarginHelper.m in Sources */ = {isa = PBXBuildFile; fileRef = 7EBE340E2844CA2D0096CD55 /* JDStatusBarLayoutMarginHelper.m */; };
		7EBE34162844CA2D0096CD55 /* JDStatusBarNotificationViewController.m in Sources */ = {isa = PBXBuildFile; fileRef = 7EBE340F2844CA2D0096CD55 /* JDStatusBarNotificationViewController.m */; };
		7EBE34172844CA2D0096CD55 /* JDStatusBarNotificationViewController.m in Sources */ = {isa = PBXBuildFile; fileRef = 7EBE340F2844CA2D0096CD55 /* JDStatusBarNotificationViewController.m */; };
		7ED140922847557600593D6F /* JDStatusBarWindow.m in Sources */ = {isa = PBXBuildFile; fileRef = 7ED140912847557600593D6F /* JDStatusBarWindow.m */; };
		7ED140932847557600593D6F /* JDStatusBarWindow.m in Sources */ = {isa = PBXBuildFile; fileRef = 7ED140912847557600593D6F /* JDStatusBarWindow.m */; };
		7ED140972848513800593D6F /* JDStatusBarStyleCache.m in Sources */ = {isa = PBXBuildFile; fileRef = 7ED140962848513800593D6F /* JDStatusBarStyleCache.m */; };
		7ED140982848513800593D6F /* JDStatusBarStyleCache.m in Sources */ = {isa = PBXBuildFile; fileRef = 7ED140962848513800593D6F /* JDStatusBarStyleCache.m */; };
		7EE516D7284711C900685DDF /* JDStatusBarManagerHelper.m in Sources */ = {isa = PBXBuildFile; fileRef = 7EE516D5284711C900685DDF /* JDStatusBarManagerHelper.m */; };
		7EE516D8284711C900685DDF /* JDStatusBarManagerHelper.m in Sources */ = {isa = PBXBuildFile; fileRef = 7EE516D5284711C900685DDF /* JDStatusBarManagerHelper.m */; };
		7EEDBE142856EDD9007747AA /* StatusBarPreviewView.swift in Sources */ = {isa = PBXBuildFile; fileRef = 7EEDBE132856EDD9007747AA /* StatusBarPreviewView.swift */; };
		7EEDBE152856EDD9007747AA /* StatusBarPreviewView.swift in Sources */ = {isa = PBXBuildFile; fileRef = 7EEDBE132856EDD9007747AA /* StatusBarPreviewView.swift */; };
		7EEDBE162856EDD9007747AA /* StatusBarPreviewView.swift in Sources */ = {isa = PBXBuildFile; fileRef = 7EEDBE132856EDD9007747AA /* StatusBarPreviewView.swift */; };
		7EFD778D2843461D000BFBF1 /* JDStatusBarView.m in Sources */ = {isa = PBXBuildFile; fileRef = D25B0FA4184F343600B8174B /* JDStatusBarView.m */; };
		7EFD77902843461D000BFBF1 /* SBExampleViewController.m in Sources */ = {isa = PBXBuildFile; fileRef = D264F8C41820219F00DA0E53 /* SBExampleViewController.m */; };
		7EFD77982843461D000BFBF1 /* UIKit.framework in Frameworks */ = {isa = PBXBuildFile; fileRef = D264F8941820213200DA0E53 /* UIKit.framework */; };
		7EFD77992843461D000BFBF1 /* Foundation.framework in Frameworks */ = {isa = PBXBuildFile; fileRef = D264F8901820213200DA0E53 /* Foundation.framework */; };
		7EFD779B2843461D000BFBF1 /* Launch Screen.storyboard in Resources */ = {isa = PBXBuildFile; fileRef = 7E8B9AEE283B6FD300507BC1 /* Launch Screen.storyboard */; };
		7EFD779D2843461D000BFBF1 /* Images.xcassets in Resources */ = {isa = PBXBuildFile; fileRef = D264F8A21820213200DA0E53 /* Images.xcassets */; };
		7EFD77A728434A03000BFBF1 /* main.m in Sources */ = {isa = PBXBuildFile; fileRef = D264F89C1820213200DA0E53 /* main.m */; };
		7EFD77A828434A0B000BFBF1 /* SBAppDelegate.m in Sources */ = {isa = PBXBuildFile; fileRef = D264F8A01820213200DA0E53 /* SBAppDelegate.m */; };
		D25B0FA5184F343700B8174B /* JDStatusBarView.m in Sources */ = {isa = PBXBuildFile; fileRef = D25B0FA4184F343600B8174B /* JDStatusBarView.m */; };
		D264F8911820213200DA0E53 /* Foundation.framework in Frameworks */ = {isa = PBXBuildFile; fileRef = D264F8901820213200DA0E53 /* Foundation.framework */; };
		D264F8951820213200DA0E53 /* UIKit.framework in Frameworks */ = {isa = PBXBuildFile; fileRef = D264F8941820213200DA0E53 /* UIKit.framework */; };
		D264F89D1820213200DA0E53 /* main.m in Sources */ = {isa = PBXBuildFile; fileRef = D264F89C1820213200DA0E53 /* main.m */; };
		D264F8A11820213200DA0E53 /* SBAppDelegate.m in Sources */ = {isa = PBXBuildFile; fileRef = D264F8A01820213200DA0E53 /* SBAppDelegate.m */; };
		D264F8A31820213200DA0E53 /* Images.xcassets in Resources */ = {isa = PBXBuildFile; fileRef = D264F8A21820213200DA0E53 /* Images.xcassets */; };
		D264F8C61820219F00DA0E53 /* SBExampleViewController.m in Sources */ = {isa = PBXBuildFile; fileRef = D264F8C41820219F00DA0E53 /* SBExampleViewController.m */; };
/* End PBXBuildFile section */

/* Begin PBXFileReference section */
		7E0FCB74285DAEB200E7CB78 /* FontPickerView.swift */ = {isa = PBXFileReference; lastKnownFileType = sourcecode.swift; path = FontPickerView.swift; sourceTree = "<group>"; };
		7E0FCB78285DAEE800E7CB78 /* FormViews.swift */ = {isa = PBXFileReference; lastKnownFileType = sourcecode.swift; path = FormViews.swift; sourceTree = "<group>"; };
		7E1C283128520F56004315CC /* JDStatusBarAnimator.h */ = {isa = PBXFileReference; lastKnownFileType = sourcecode.c.h; path = JDStatusBarAnimator.h; sourceTree = "<group>"; };
		7E1C283228520F56004315CC /* JDStatusBarAnimator.m */ = {isa = PBXFileReference; lastKnownFileType = sourcecode.c.objc; path = JDStatusBarAnimator.m; sourceTree = "<group>"; };
		7E1C2836285226F5004315CC /* EnumPickerOptionView.swift */ = {isa = PBXFileReference; lastKnownFileType = sourcecode.swift; path = EnumPickerOptionView.swift; sourceTree = "<group>"; };
		7E2F3BBA284F6144002B2181 /* ObservableCustomStyle.swift */ = {isa = PBXFileReference; lastKnownFileType = sourcecode.swift; path = ObservableCustomStyle.swift; sourceTree = "<group>"; };
		7E67050A284A4BE900AD58E1 /* Swift-Bridging-Header.h */ = {isa = PBXFileReference; lastKnownFileType = sourcecode.c.h; path = "Swift-Bridging-Header.h"; sourceTree = "<group>"; };
		7E67050C284A4BE900AD58E1 /* ExamplesScreen.swift */ = {isa = PBXFileReference; lastKnownFileType = sourcecode.swift; path = ExamplesScreen.swift; sourceTree = "<group>"; };
		7E670512284B177B00AD58E1 /* StyleEditorScreen.swift */ = {isa = PBXFileReference; lastKnownFileType = sourcecode.swift; path = StyleEditorScreen.swift; sourceTree = "<group>"; };
		7E6FBC21285EF3B100A63FEF /* ExampleStyle.swift */ = {isa = PBXFileReference; lastKnownFileType = sourcecode.swift; path = ExampleStyle.swift; sourceTree = "<group>"; };
		7E8B9AEE283B6FD300507BC1 /* Launch Screen.storyboard */ = {isa = PBXFileReference; lastKnownFileType = file.storyboard; path = "Launch Screen.storyboard"; sourceTree = "<group>"; };
		7E8C519328585BE400C7C003 /* JDStatusBarStyle.h */ = {isa = PBXFileReference; fileEncoding = 4; lastKnownFileType = sourcecode.c.h; path = JDStatusBarStyle.h; sourceTree = "<group>"; };
		7E8C519428585BE400C7C003 /* JDStatusBarNotificationPresenter.h */ = {isa = PBXFileReference; fileEncoding = 4; lastKnownFileType = sourcecode.c.h; path = JDStatusBarNotificationPresenter.h; sourceTree = "<group>"; };
		7E8C519528585BE400C7C003 /* JDStatusBarNotification.h */ = {isa = PBXFileReference; fileEncoding = 4; lastKnownFileType = sourcecode.c.h; path = JDStatusBarNotification.h; sourceTree = "<group>"; };
		7E8C519628585BE400C7C003 /* JDStatusBarPrepareStyleBlock.h */ = {isa = PBXFileReference; fileEncoding = 4; lastKnownFileType = sourcecode.c.h; path = JDStatusBarPrepareStyleBlock.h; sourceTree = "<group>"; };
		7E8C519728585BE400C7C003 /* JDStatusBarStyle.m */ = {isa = PBXFileReference; fileEncoding = 4; lastKnownFileType = sourcecode.c.objc; path = JDStatusBarStyle.m; sourceTree = "<group>"; };
		7E8C519828585BE400C7C003 /* JDStatusBarNotificationPresenter.m */ = {isa = PBXFileReference; fileEncoding = 4; lastKnownFileType = sourcecode.c.objc; path = JDStatusBarNotificationPresenter.m; sourceTree = "<group>"; };
		7E8C519F2858857200C7C003 /* TextStyleEditorView.swift */ = {isa = PBXFileReference; lastKnownFileType = sourcecode.swift; path = TextStyleEditorView.swift; sourceTree = "<group>"; };
		7EA91CC3284EF3AF00F32F09 /* JDSBN_LayoutDebugging.app */ = {isa = PBXFileReference; explicitFileType = wrapper.application; includeInIndex = 0; path = JDSBN_LayoutDebugging.app; sourceTree = BUILT_PRODUCTS_DIR; };
		7EA91CC5284EF5A400F32F09 /* Swift-To-ObjC-Header.h */ = {isa = PBXFileReference; lastKnownFileType = sourcecode.c.h; path = "Swift-To-ObjC-Header.h"; sourceTree = "<group>"; };
		7EBE340C2844CA2D0096CD55 /* JDStatusBarNotificationViewController.h */ = {isa = PBXFileReference; fileEncoding = 4; lastKnownFileType = sourcecode.c.h; path = JDStatusBarNotificationViewController.h; sourceTree = "<group>"; };
		7EBE340D2844CA2D0096CD55 /* UIApplication+JDSB_MainWindow.m */ = {isa = PBXFileReference; fileEncoding = 4; lastKnownFileType = sourcecode.c.objc; path = "UIApplication+JDSB_MainWindow.m"; sourceTree = "<group>"; };
		7EBE340E2844CA2D0096CD55 /* JDStatusBarLayoutMarginHelper.m */ = {isa = PBXFileReference; fileEncoding = 4; lastKnownFileType = sourcecode.c.objc; path = JDStatusBarLayoutMarginHelper.m; sourceTree = "<group>"; };
		7EBE340F2844CA2D0096CD55 /* JDStatusBarNotificationViewController.m */ = {isa = PBXFileReference; fileEncoding = 4; lastKnownFileType = sourcecode.c.objc; path = JDStatusBarNotificationViewController.m; sourceTree = "<group>"; };
		7EBE34102844CA2D0096CD55 /* JDStatusBarLayoutMarginHelper.h */ = {isa = PBXFileReference; fileEncoding = 4; lastKnownFileType = sourcecode.c.h; path = JDStatusBarLayoutMarginHelper.h; sourceTree = "<group>"; };
		7EBE34112844CA2D0096CD55 /* UIApplication+JDSB_MainWindow.h */ = {isa = PBXFileReference; fileEncoding = 4; lastKnownFileType = sourcecode.c.h; path = "UIApplication+JDSB_MainWindow.h"; sourceTree = "<group>"; };
		7ED140902847557600593D6F /* JDStatusBarWindow.h */ = {isa = PBXFileReference; lastKnownFileType = sourcecode.c.h; path = JDStatusBarWindow.h; sourceTree = "<group>"; };
		7ED140912847557600593D6F /* JDStatusBarWindow.m */ = {isa = PBXFileReference; lastKnownFileType = sourcecode.c.objc; path = JDStatusBarWindow.m; sourceTree = "<group>"; };
		7ED140952848513800593D6F /* JDStatusBarStyleCache.h */ = {isa = PBXFileReference; lastKnownFileType = sourcecode.c.h; path = JDStatusBarStyleCache.h; sourceTree = "<group>"; };
		7ED140962848513800593D6F /* JDStatusBarStyleCache.m */ = {isa = PBXFileReference; lastKnownFileType = sourcecode.c.objc; path = JDStatusBarStyleCache.m; sourceTree = "<group>"; };
		7EE516D5284711C900685DDF /* JDStatusBarManagerHelper.m */ = {isa = PBXFileReference; fileEncoding = 4; lastKnownFileType = sourcecode.c.objc; path = JDStatusBarManagerHelper.m; sourceTree = "<group>"; };
		7EE516D6284711C900685DDF /* JDStatusBarManagerHelper.h */ = {isa = PBXFileReference; fileEncoding = 4; lastKnownFileType = sourcecode.c.h; path = JDStatusBarManagerHelper.h; sourceTree = "<group>"; };
		7EEDBE132856EDD9007747AA /* StatusBarPreviewView.swift */ = {isa = PBXFileReference; lastKnownFileType = sourcecode.swift; path = StatusBarPreviewView.swift; sourceTree = "<group>"; };
		7EFD77A12843461D000BFBF1 /* JDSBN_WindowSceneExample.app */ = {isa = PBXFileReference; explicitFileType = wrapper.application; includeInIndex = 0; path = JDSBN_WindowSceneExample.app; sourceTree = BUILT_PRODUCTS_DIR; };
		7EFD77A32843462F000BFBF1 /* WindowScene-Info.plist */ = {isa = PBXFileReference; lastKnownFileType = text.plist.xml; path = "WindowScene-Info.plist"; sourceTree = "<group>"; };
		D25B0FA3184F343600B8174B /* JDStatusBarView.h */ = {isa = PBXFileReference; fileEncoding = 4; lastKnownFileType = sourcecode.c.h; path = JDStatusBarView.h; sourceTree = "<group>"; };
		D25B0FA4184F343600B8174B /* JDStatusBarView.m */ = {isa = PBXFileReference; fileEncoding = 4; lastKnownFileType = sourcecode.c.objc; path = JDStatusBarView.m; sourceTree = "<group>"; };
		D264F88D1820213200DA0E53 /* JDSBN_ClassicExample.app */ = {isa = PBXFileReference; explicitFileType = wrapper.application; includeInIndex = 0; path = JDSBN_ClassicExample.app; sourceTree = BUILT_PRODUCTS_DIR; };
		D264F8901820213200DA0E53 /* Foundation.framework */ = {isa = PBXFileReference; lastKnownFileType = wrapper.framework; name = Foundation.framework; path = System/Library/Frameworks/Foundation.framework; sourceTree = SDKROOT; };
		D264F8941820213200DA0E53 /* UIKit.framework */ = {isa = PBXFileReference; lastKnownFileType = wrapper.framework; name = UIKit.framework; path = System/Library/Frameworks/UIKit.framework; sourceTree = SDKROOT; };
		D264F8981820213200DA0E53 /* Classic-Info.plist */ = {isa = PBXFileReference; lastKnownFileType = text.plist.xml; path = "Classic-Info.plist"; sourceTree = "<group>"; };
		D264F89C1820213200DA0E53 /* main.m */ = {isa = PBXFileReference; lastKnownFileType = sourcecode.c.objc; path = main.m; sourceTree = "<group>"; };
		D264F89F1820213200DA0E53 /* SBAppDelegate.h */ = {isa = PBXFileReference; lastKnownFileType = sourcecode.c.h; path = SBAppDelegate.h; sourceTree = "<group>"; };
		D264F8A01820213200DA0E53 /* SBAppDelegate.m */ = {isa = PBXFileReference; lastKnownFileType = sourcecode.c.objc; path = SBAppDelegate.m; sourceTree = "<group>"; };
		D264F8A21820213200DA0E53 /* Images.xcassets */ = {isa = PBXFileReference; lastKnownFileType = folder.assetcatalog; path = Images.xcassets; sourceTree = "<group>"; };
		D264F8C31820219F00DA0E53 /* SBExampleViewController.h */ = {isa = PBXFileReference; fileEncoding = 4; lastKnownFileType = sourcecode.c.h; path = SBExampleViewController.h; sourceTree = "<group>"; };
		D264F8C41820219F00DA0E53 /* SBExampleViewController.m */ = {isa = PBXFileReference; fileEncoding = 4; lastKnownFileType = sourcecode.c.objc; path = SBExampleViewController.m; sourceTree = "<group>"; };
/* End PBXFileReference section */

/* Begin PBXFrameworksBuildPhase section */
		7EA91CBA284EF3AF00F32F09 /* Frameworks */ = {
			isa = PBXFrameworksBuildPhase;
			buildActionMask = 2147483647;
			files = (
				7EA91CBB284EF3AF00F32F09 /* UIKit.framework in Frameworks */,
				7EA91CBC284EF3AF00F32F09 /* Foundation.framework in Frameworks */,
			);
			runOnlyForDeploymentPostprocessing = 0;
		};
		7EFD77952843461D000BFBF1 /* Frameworks */ = {
			isa = PBXFrameworksBuildPhase;
			buildActionMask = 2147483647;
			files = (
				7EFD77982843461D000BFBF1 /* UIKit.framework in Frameworks */,
				7EFD77992843461D000BFBF1 /* Foundation.framework in Frameworks */,
			);
			runOnlyForDeploymentPostprocessing = 0;
		};
		D264F88A1820213200DA0E53 /* Frameworks */ = {
			isa = PBXFrameworksBuildPhase;
			buildActionMask = 2147483647;
			files = (
				D264F8951820213200DA0E53 /* UIKit.framework in Frameworks */,
				D264F8911820213200DA0E53 /* Foundation.framework in Frameworks */,
			);
			runOnlyForDeploymentPostprocessing = 0;
		};
/* End PBXFrameworksBuildPhase section */

/* Begin PBXGroup section */
		7E6FBC1F285EB4C600A63FEF /* Views */ = {
			isa = PBXGroup;
			children = (
				7E8C519F2858857200C7C003 /* TextStyleEditorView.swift */,
				7E0FCB74285DAEB200E7CB78 /* FontPickerView.swift */,
				7E0FCB78285DAEE800E7CB78 /* FormViews.swift */,
				7E1C2836285226F5004315CC /* EnumPickerOptionView.swift */,
			);
			name = Views;
			sourceTree = "<group>";
		};
		7E6FBC20285EB4D300A63FEF /* Screens */ = {
			isa = PBXGroup;
			children = (
				D264F8C31820219F00DA0E53 /* SBExampleViewController.h */,
				D264F8C41820219F00DA0E53 /* SBExampleViewController.m */,
				7E67050C284A4BE900AD58E1 /* ExamplesScreen.swift */,
				7E670512284B177B00AD58E1 /* StyleEditorScreen.swift */,
			);
			name = Screens;
			sourceTree = "<group>";
		};
		7E8C519228585BE400C7C003 /* Public */ = {
			isa = PBXGroup;
			children = (
				7E8C519528585BE400C7C003 /* JDStatusBarNotification.h */,
				7E8C519428585BE400C7C003 /* JDStatusBarNotificationPresenter.h */,
				7E8C519828585BE400C7C003 /* JDStatusBarNotificationPresenter.m */,
				7E8C519628585BE400C7C003 /* JDStatusBarPrepareStyleBlock.h */,
				7E8C519328585BE400C7C003 /* JDStatusBarStyle.h */,
				7E8C519728585BE400C7C003 /* JDStatusBarStyle.m */,
			);
			path = Public;
			sourceTree = "<group>";
		};
		7EBE340B2844CA2D0096CD55 /* Private */ = {
			isa = PBXGroup;
			children = (
				7E1C283128520F56004315CC /* JDStatusBarAnimator.h */,
				7E1C283228520F56004315CC /* JDStatusBarAnimator.m */,
				7EBE34102844CA2D0096CD55 /* JDStatusBarLayoutMarginHelper.h */,
				7EBE340E2844CA2D0096CD55 /* JDStatusBarLayoutMarginHelper.m */,
				7EE516D6284711C900685DDF /* JDStatusBarManagerHelper.h */,
				7EE516D5284711C900685DDF /* JDStatusBarManagerHelper.m */,
				7EBE340C2844CA2D0096CD55 /* JDStatusBarNotificationViewController.h */,
				7EBE340F2844CA2D0096CD55 /* JDStatusBarNotificationViewController.m */,
				7ED140952848513800593D6F /* JDStatusBarStyleCache.h */,
				7ED140962848513800593D6F /* JDStatusBarStyleCache.m */,
				D25B0FA3184F343600B8174B /* JDStatusBarView.h */,
				D25B0FA4184F343600B8174B /* JDStatusBarView.m */,
				7ED140902847557600593D6F /* JDStatusBarWindow.h */,
				7ED140912847557600593D6F /* JDStatusBarWindow.m */,
				7EBE34112844CA2D0096CD55 /* UIApplication+JDSB_MainWindow.h */,
				7EBE340D2844CA2D0096CD55 /* UIApplication+JDSB_MainWindow.m */,
			);
			path = Private;
			sourceTree = "<group>";
		};
		D264F8841820213200DA0E53 = {
			isa = PBXGroup;
			children = (
				D264F8BF1820216300DA0E53 /* JDStatusBarNotification */,
				D264F8961820213200DA0E53 /* JDStatusBarNotificationExample */,
				D264F88F1820213200DA0E53 /* Frameworks */,
				D264F88E1820213200DA0E53 /* Products */,
			);
			sourceTree = "<group>";
		};
		D264F88E1820213200DA0E53 /* Products */ = {
			isa = PBXGroup;
			children = (
				D264F88D1820213200DA0E53 /* JDSBN_ClassicExample.app */,
				7EFD77A12843461D000BFBF1 /* JDSBN_WindowSceneExample.app */,
				7EA91CC3284EF3AF00F32F09 /* JDSBN_LayoutDebugging.app */,
			);
			name = Products;
			sourceTree = "<group>";
		};
		D264F88F1820213200DA0E53 /* Frameworks */ = {
			isa = PBXGroup;
			children = (
				D264F8901820213200DA0E53 /* Foundation.framework */,
				D264F8941820213200DA0E53 /* UIKit.framework */,
			);
			name = Frameworks;
			sourceTree = "<group>";
		};
		D264F8961820213200DA0E53 /* JDStatusBarNotificationExample */ = {
			isa = PBXGroup;
			children = (
				7E67050A284A4BE900AD58E1 /* Swift-Bridging-Header.h */,
				7EA91CC5284EF5A400F32F09 /* Swift-To-ObjC-Header.h */,
				D264F89F1820213200DA0E53 /* SBAppDelegate.h */,
				D264F8A01820213200DA0E53 /* SBAppDelegate.m */,
				7EEDBE132856EDD9007747AA /* StatusBarPreviewView.swift */,
				7E2F3BBA284F6144002B2181 /* ObservableCustomStyle.swift */,
				7E6FBC21285EF3B100A63FEF /* ExampleStyle.swift */,
				7E6FBC20285EB4D300A63FEF /* Screens */,
				7E6FBC1F285EB4C600A63FEF /* Views */,
				7E8B9AEE283B6FD300507BC1 /* Launch Screen.storyboard */,
				D264F8A21820213200DA0E53 /* Images.xcassets */,
				D264F8971820213200DA0E53 /* Supporting Files */,
			);
			path = JDStatusBarNotificationExample;
			sourceTree = "<group>";
		};
		D264F8971820213200DA0E53 /* Supporting Files */ = {
			isa = PBXGroup;
			children = (
				D264F8981820213200DA0E53 /* Classic-Info.plist */,
				7EFD77A32843462F000BFBF1 /* WindowScene-Info.plist */,
				D264F89C1820213200DA0E53 /* main.m */,
			);
			name = "Supporting Files";
			sourceTree = "<group>";
		};
		D264F8BF1820216300DA0E53 /* JDStatusBarNotification */ = {
			isa = PBXGroup;
			children = (
				7E8C519228585BE400C7C003 /* Public */,
				7EBE340B2844CA2D0096CD55 /* Private */,
			);
			name = JDStatusBarNotification;
			path = ../JDStatusBarNotification;
			sourceTree = "<group>";
		};
/* End PBXGroup section */

/* Begin PBXNativeTarget section */
		7EA91CA8284EF3AF00F32F09 /* LayoutDebugging */ = {
			isa = PBXNativeTarget;
			buildConfigurationList = 7EA91CC0284EF3AF00F32F09 /* Build configuration list for PBXNativeTarget "LayoutDebugging" */;
			buildPhases = (
				7EA91CA9284EF3AF00F32F09 /* Sources */,
				7EA91CBA284EF3AF00F32F09 /* Frameworks */,
				7EA91CBD284EF3AF00F32F09 /* Resources */,
			);
			buildRules = (
			);
			dependencies = (
			);
			name = LayoutDebugging;
			productName = JDStatusBarNotificationExample;
			productReference = 7EA91CC3284EF3AF00F32F09 /* JDSBN_LayoutDebugging.app */;
			productType = "com.apple.product-type.application";
		};
		7EFD778A2843461D000BFBF1 /* WindowSceneExample */ = {
			isa = PBXNativeTarget;
			buildConfigurationList = 7EFD779E2843461D000BFBF1 /* Build configuration list for PBXNativeTarget "WindowSceneExample" */;
			buildPhases = (
				7EFD778B2843461D000BFBF1 /* Sources */,
				7EFD77952843461D000BFBF1 /* Frameworks */,
				7EFD779A2843461D000BFBF1 /* Resources */,
			);
			buildRules = (
			);
			dependencies = (
			);
			name = WindowSceneExample;
			productName = JDStatusBarNotificationExample;
			productReference = 7EFD77A12843461D000BFBF1 /* JDSBN_WindowSceneExample.app */;
			productType = "com.apple.product-type.application";
		};
		D264F88C1820213200DA0E53 /* ClassicExample */ = {
			isa = PBXNativeTarget;
			buildConfigurationList = D264F8B91820213200DA0E53 /* Build configuration list for PBXNativeTarget "ClassicExample" */;
			buildPhases = (
				D264F8891820213200DA0E53 /* Sources */,
				D264F88A1820213200DA0E53 /* Frameworks */,
				D264F88B1820213200DA0E53 /* Resources */,
			);
			buildRules = (
			);
			dependencies = (
			);
			name = ClassicExample;
			productName = JDStatusBarNotificationExample;
			productReference = D264F88D1820213200DA0E53 /* JDSBN_ClassicExample.app */;
			productType = "com.apple.product-type.application";
		};
/* End PBXNativeTarget section */

/* Begin PBXProject section */
		D264F8851820213200DA0E53 /* Project object */ = {
			isa = PBXProject;
			attributes = {
				CLASSPREFIX = SB;
				LastUpgradeCheck = 1400;
				ORGANIZATIONNAME = Markus;
				TargetAttributes = {
					7EA91CA8284EF3AF00F32F09 = {
						DevelopmentTeam = 8M37KCPR2Q;
					};
					7EFD778A2843461D000BFBF1 = {
						DevelopmentTeam = 8M37KCPR2Q;
						LastSwiftMigration = 1340;
					};
					D264F88C1820213200DA0E53 = {
						DevelopmentTeam = 8M37KCPR2Q;
						LastSwiftMigration = 1340;
					};
				};
			};
			buildConfigurationList = D264F8881820213200DA0E53 /* Build configuration list for PBXProject "JDStatusBarNotificationExample" */;
			compatibilityVersion = "Xcode 3.2";
			developmentRegion = en;
			hasScannedForEncodings = 0;
			knownRegions = (
				en,
				Base,
			);
			mainGroup = D264F8841820213200DA0E53;
			productRefGroup = D264F88E1820213200DA0E53 /* Products */;
			projectDirPath = "";
			projectRoot = "";
			targets = (
				D264F88C1820213200DA0E53 /* ClassicExample */,
				7EFD778A2843461D000BFBF1 /* WindowSceneExample */,
				7EA91CA8284EF3AF00F32F09 /* LayoutDebugging */,
			);
		};
/* End PBXProject section */

/* Begin PBXResourcesBuildPhase section */
		7EA91CBD284EF3AF00F32F09 /* Resources */ = {
			isa = PBXResourcesBuildPhase;
			buildActionMask = 2147483647;
			files = (
				7EA91CBE284EF3AF00F32F09 /* Launch Screen.storyboard in Resources */,
				7EA91CBF284EF3AF00F32F09 /* Images.xcassets in Resources */,
			);
			runOnlyForDeploymentPostprocessing = 0;
		};
		7EFD779A2843461D000BFBF1 /* Resources */ = {
			isa = PBXResourcesBuildPhase;
			buildActionMask = 2147483647;
			files = (
				7EFD779B2843461D000BFBF1 /* Launch Screen.storyboard in Resources */,
				7EFD779D2843461D000BFBF1 /* Images.xcassets in Resources */,
			);
			runOnlyForDeploymentPostprocessing = 0;
		};
		D264F88B1820213200DA0E53 /* Resources */ = {
			isa = PBXResourcesBuildPhase;
			buildActionMask = 2147483647;
			files = (
				7E8B9AEF283B6FD300507BC1 /* Launch Screen.storyboard in Resources */,
				D264F8A31820213200DA0E53 /* Images.xcassets in Resources */,
			);
			runOnlyForDeploymentPostprocessing = 0;
		};
/* End PBXResourcesBuildPhase section */

/* Begin PBXSourcesBuildPhase section */
		7EA91CA9284EF3AF00F32F09 /* Sources */ = {
			isa = PBXSourcesBuildPhase;
			buildActionMask = 2147483647;
			files = (
				7EA91CAA284EF3AF00F32F09 /* JDStatusBarManagerHelper.m in Sources */,
				7EA91CAB284EF3AF00F32F09 /* JDStatusBarWindow.m in Sources */,
				7E0FCB77285DAEB200E7CB78 /* FontPickerView.swift in Sources */,
				7E2F3BBD284F6144002B2181 /* ObservableCustomStyle.swift in Sources */,
				7E0FCB7B285DAEE800E7CB78 /* FormViews.swift in Sources */,
				7E8C519B28585BE400C7C003 /* JDStatusBarStyle.m in Sources */,
				7E1C283528520F56004315CC /* JDStatusBarAnimator.m in Sources */,
				7EA91CAD284EF3AF00F32F09 /* JDStatusBarView.m in Sources */,
				7E1C2839285226F5004315CC /* EnumPickerOptionView.swift in Sources */,
				7EA91CAF284EF3AF00F32F09 /* JDStatusBarStyleCache.m in Sources */,
				7EA91CB0284EF3AF00F32F09 /* SBExampleViewController.m in Sources */,
				7EA91CB2284EF3AF00F32F09 /* StyleEditorScreen.swift in Sources */,
				7E8C51A22858857200C7C003 /* TextStyleEditorView.swift in Sources */,
				7EEDBE162856EDD9007747AA /* StatusBarPreviewView.swift in Sources */,
				7EA91CB3284EF3AF00F32F09 /* ExamplesScreen.swift in Sources */,
				7E8C519E28585BE400C7C003 /* JDStatusBarNotificationPresenter.m in Sources */,
				7E6FBC24285EF3B100A63FEF /* ExampleStyle.swift in Sources */,
				7EA91CB4284EF3AF00F32F09 /* SBAppDelegate.m in Sources */,
				7EA91CB5284EF3AF00F32F09 /* UIApplication+JDSB_MainWindow.m in Sources */,
				7EA91CB6284EF3AF00F32F09 /* main.m in Sources */,
				7EA91CB8284EF3AF00F32F09 /* JDStatusBarLayoutMarginHelper.m in Sources */,
				7EA91CB9284EF3AF00F32F09 /* JDStatusBarNotificationViewController.m in Sources */,
			);
			runOnlyForDeploymentPostprocessing = 0;
		};
		7EFD778B2843461D000BFBF1 /* Sources */ = {
			isa = PBXSourcesBuildPhase;
			buildActionMask = 2147483647;
			files = (
				7EE516D8284711C900685DDF /* JDStatusBarManagerHelper.m in Sources */,
				7ED140932847557600593D6F /* JDStatusBarWindow.m in Sources */,
				7E0FCB76285DAEB200E7CB78 /* FontPickerView.swift in Sources */,
				7E2F3BBC284F6144002B2181 /* ObservableCustomStyle.swift in Sources */,
				7E0FCB7A285DAEE800E7CB78 /* FormViews.swift in Sources */,
				7E8C519A28585BE400C7C003 /* JDStatusBarStyle.m in Sources */,
				7E1C283428520F56004315CC /* JDStatusBarAnimator.m in Sources */,
				7EFD778D2843461D000BFBF1 /* JDStatusBarView.m in Sources */,
				7E1C2838285226F5004315CC /* EnumPickerOptionView.swift in Sources */,
				7ED140982848513800593D6F /* JDStatusBarStyleCache.m in Sources */,
				7EFD77902843461D000BFBF1 /* SBExampleViewController.m in Sources */,
				7E670514284B177B00AD58E1 /* StyleEditorScreen.swift in Sources */,
				7E8C51A12858857200C7C003 /* TextStyleEditorView.swift in Sources */,
				7EEDBE152856EDD9007747AA /* StatusBarPreviewView.swift in Sources */,
				7E67050E284A4BE900AD58E1 /* ExamplesScreen.swift in Sources */,
				7E8C519D28585BE400C7C003 /* JDStatusBarNotificationPresenter.m in Sources */,
				7E6FBC23285EF3B100A63FEF /* ExampleStyle.swift in Sources */,
				7EFD77A828434A0B000BFBF1 /* SBAppDelegate.m in Sources */,
				7EBE34132844CA2D0096CD55 /* UIApplication+JDSB_MainWindow.m in Sources */,
				7EFD77A728434A03000BFBF1 /* main.m in Sources */,
				7EBE34152844CA2D0096CD55 /* JDStatusBarLayoutMarginHelper.m in Sources */,
				7EBE34172844CA2D0096CD55 /* JDStatusBarNotificationViewController.m in Sources */,
			);
			runOnlyForDeploymentPostprocessing = 0;
		};
		D264F8891820213200DA0E53 /* Sources */ = {
			isa = PBXSourcesBuildPhase;
			buildActionMask = 2147483647;
			files = (
				D264F89D1820213200DA0E53 /* main.m in Sources */,
				D25B0FA5184F343700B8174B /* JDStatusBarView.m in Sources */,
				7E1C2837285226F5004315CC /* EnumPickerOptionView.swift in Sources */,
				7EEDBE142856EDD9007747AA /* StatusBarPreviewView.swift in Sources */,
				D264F8A11820213200DA0E53 /* SBAppDelegate.m in Sources */,
				7E67050D284A4BE900AD58E1 /* ExamplesScreen.swift in Sources */,
				7ED140972848513800593D6F /* JDStatusBarStyleCache.m in Sources */,
				7E0FCB79285DAEE800E7CB78 /* FormViews.swift in Sources */,
				7E6FBC22285EF3B100A63FEF /* ExampleStyle.swift in Sources */,
				D264F8C61820219F00DA0E53 /* SBExampleViewController.m in Sources */,
				7E0FCB75285DAEB200E7CB78 /* FontPickerView.swift in Sources */,
				7E1C283328520F56004315CC /* JDStatusBarAnimator.m in Sources */,
				7E670513284B177B00AD58E1 /* StyleEditorScreen.swift in Sources */,
				7E8C519C28585BE400C7C003 /* JDStatusBarNotificationPresenter.m in Sources */,
				7E2F3BBB284F6144002B2181 /* ObservableCustomStyle.swift in Sources */,
				7E8C51A02858857200C7C003 /* TextStyleEditorView.swift in Sources */,
				7E8C519928585BE400C7C003 /* JDStatusBarStyle.m in Sources */,
				7EBE34142844CA2D0096CD55 /* JDStatusBarLayoutMarginHelper.m in Sources */,
				7EE516D7284711C900685DDF /* JDStatusBarManagerHelper.m in Sources */,
				7ED140922847557600593D6F /* JDStatusBarWindow.m in Sources */,
				7EBE34122844CA2D0096CD55 /* UIApplication+JDSB_MainWindow.m in Sources */,
				7EBE34162844CA2D0096CD55 /* JDStatusBarNotificationViewController.m in Sources */,
			);
			runOnlyForDeploymentPostprocessing = 0;
		};
/* End PBXSourcesBuildPhase section */

/* Begin XCBuildConfiguration section */
		7EA91CC1284EF3AF00F32F09 /* Debug */ = {
			isa = XCBuildConfiguration;
			buildSettings = {
				ASSETCATALOG_COMPILER_APPICON_NAME = AppIcon;
				CLANG_ENABLE_MODULES = YES;
				DISPLAY_NAME = "JDSBN 🛠";
				GCC_PRECOMPILE_PREFIX_HEADER = YES;
				GCC_PREPROCESSOR_DEFINITIONS = (
					"IS_SCENE_BASED_EXAMPLE=1",
					"JDSB_LAYOUT_DEBUGGING=1",
				);
				INFOPLIST_FILE = "JDStatusBarNotificationExample/WindowScene-Info.plist";
				IPHONEOS_DEPLOYMENT_TARGET = 13.0;
				LD_RUNPATH_SEARCH_PATHS = "$(inherited) @executable_path/Frameworks";
				PRODUCT_BUNDLE_IDENTIFIER = "com.calimarkus.${PRODUCT_NAME:rfc1034identifier}";
				PRODUCT_NAME = "JDSBN_${TARGET_NAME}";
				SWIFT_OBJC_BRIDGING_HEADER = "JDStatusBarNotificationExample/Swift-Bridging-Header.h";
				SWIFT_OPTIMIZATION_LEVEL = "-Onone";
				SWIFT_VERSION = 5.0;
				WARNING_CFLAGS = "-Wall";
				WRAPPER_EXTENSION = app;
			};
			name = Debug;
		};
		7EA91CC2284EF3AF00F32F09 /* Release */ = {
			isa = XCBuildConfiguration;
			buildSettings = {
				ASSETCATALOG_COMPILER_APPICON_NAME = AppIcon;
				CLANG_ENABLE_MODULES = YES;
				DISPLAY_NAME = "JDSBN 🛠";
				GCC_PRECOMPILE_PREFIX_HEADER = YES;
				GCC_PREPROCESSOR_DEFINITIONS = (
					"IS_SCENE_BASED_EXAMPLE=1",
					"JDSB_LAYOUT_DEBUGGING=1",
				);
				INFOPLIST_FILE = "JDStatusBarNotificationExample/WindowScene-Info.plist";
				IPHONEOS_DEPLOYMENT_TARGET = 13.0;
				LD_RUNPATH_SEARCH_PATHS = "$(inherited) @executable_path/Frameworks";
				PRODUCT_BUNDLE_IDENTIFIER = "com.calimarkus.${PRODUCT_NAME:rfc1034identifier}";
				PRODUCT_NAME = "JDSBN_${TARGET_NAME}";
				SWIFT_OBJC_BRIDGING_HEADER = "JDStatusBarNotificationExample/Swift-Bridging-Header.h";
				SWIFT_VERSION = 5.0;
				WARNING_CFLAGS = "-Wall";
				WRAPPER_EXTENSION = app;
			};
			name = Release;
		};
		7EFD779F2843461D000BFBF1 /* Debug */ = {
			isa = XCBuildConfiguration;
			buildSettings = {
				ASSETCATALOG_COMPILER_APPICON_NAME = AppIcon;
				CLANG_ENABLE_MODULES = YES;
				GCC_PRECOMPILE_PREFIX_HEADER = YES;
				GCC_PREPROCESSOR_DEFINITIONS = "IS_SCENE_BASED_EXAMPLE=1";
				INFOPLIST_FILE = "JDStatusBarNotificationExample/WindowScene-Info.plist";
				IPHONEOS_DEPLOYMENT_TARGET = 13.0;
				LD_RUNPATH_SEARCH_PATHS = "$(inherited) @executable_path/Frameworks";
				PRODUCT_BUNDLE_IDENTIFIER = "com.calimarkus.${PRODUCT_NAME:rfc1034identifier}";
				PRODUCT_NAME = "JDSBN_${TARGET_NAME}";
				SWIFT_OBJC_BRIDGING_HEADER = "JDStatusBarNotificationExample/Swift-Bridging-Header.h";
				SWIFT_OPTIMIZATION_LEVEL = "-Onone";
				SWIFT_VERSION = 5.0;
				WARNING_CFLAGS = "-Wall";
				WRAPPER_EXTENSION = app;
			};
			name = Debug;
		};
		7EFD77A02843461D000BFBF1 /* Release */ = {
			isa = XCBuildConfiguration;
			buildSettings = {
				ASSETCATALOG_COMPILER_APPICON_NAME = AppIcon;
				CLANG_ENABLE_MODULES = YES;
				GCC_PRECOMPILE_PREFIX_HEADER = YES;
				GCC_PREPROCESSOR_DEFINITIONS = "IS_SCENE_BASED_EXAMPLE=1";
				INFOPLIST_FILE = "JDStatusBarNotificationExample/WindowScene-Info.plist";
				IPHONEOS_DEPLOYMENT_TARGET = 13.0;
				LD_RUNPATH_SEARCH_PATHS = "$(inherited) @executable_path/Frameworks";
				PRODUCT_BUNDLE_IDENTIFIER = "com.calimarkus.${PRODUCT_NAME:rfc1034identifier}";
				PRODUCT_NAME = "JDSBN_${TARGET_NAME}";
				SWIFT_OBJC_BRIDGING_HEADER = "JDStatusBarNotificationExample/Swift-Bridging-Header.h";
				SWIFT_VERSION = 5.0;
				WARNING_CFLAGS = "-Wall";
				WRAPPER_EXTENSION = app;
			};
			name = Release;
		};
		D264F8B71820213200DA0E53 /* Debug */ = {
			isa = XCBuildConfiguration;
			buildSettings = {
				ALWAYS_SEARCH_USER_PATHS = NO;
				CLANG_ANALYZER_LOCALIZABILITY_NONLOCALIZED = YES;
				CLANG_CXX_LANGUAGE_STANDARD = "gnu++0x";
				CLANG_CXX_LIBRARY = "libc++";
				CLANG_ENABLE_MODULES = YES;
				CLANG_ENABLE_OBJC_ARC = YES;
				CLANG_WARN_BLOCK_CAPTURE_AUTORELEASING = YES;
				CLANG_WARN_BOOL_CONVERSION = YES;
				CLANG_WARN_COMMA = YES;
				CLANG_WARN_CONSTANT_CONVERSION = YES;
				CLANG_WARN_DEPRECATED_OBJC_IMPLEMENTATIONS = YES;
				CLANG_WARN_DIRECT_OBJC_ISA_USAGE = YES_ERROR;
				CLANG_WARN_EMPTY_BODY = YES;
				CLANG_WARN_ENUM_CONVERSION = YES;
				CLANG_WARN_INFINITE_RECURSION = YES;
				CLANG_WARN_INT_CONVERSION = YES;
				CLANG_WARN_NON_LITERAL_NULL_CONVERSION = YES;
				CLANG_WARN_OBJC_IMPLICIT_RETAIN_SELF = YES;
				CLANG_WARN_OBJC_LITERAL_CONVERSION = YES;
				CLANG_WARN_OBJC_ROOT_CLASS = YES_ERROR;
				CLANG_WARN_QUOTED_INCLUDE_IN_FRAMEWORK_HEADER = YES;
				CLANG_WARN_RANGE_LOOP_ANALYSIS = YES;
				CLANG_WARN_STRICT_PROTOTYPES = YES;
				CLANG_WARN_SUSPICIOUS_MOVE = YES;
				CLANG_WARN_UNREACHABLE_CODE = YES;
				CLANG_WARN__DUPLICATE_METHOD_MATCH = YES;
				"CODE_SIGN_IDENTITY[sdk=iphoneos*]" = "iPhone Developer";
				COPY_PHASE_STRIP = NO;
				DEVELOPMENT_TEAM = 8M37KCPR2Q;
				DISPLAY_NAME = "JDSB Notifs";
				ENABLE_STRICT_OBJC_MSGSEND = YES;
				ENABLE_TESTABILITY = YES;
				GCC_C_LANGUAGE_STANDARD = gnu99;
				GCC_DYNAMIC_NO_PIC = NO;
				GCC_NO_COMMON_BLOCKS = YES;
				GCC_OPTIMIZATION_LEVEL = 0;
				GCC_SYMBOLS_PRIVATE_EXTERN = NO;
				GCC_WARN_64_TO_32_BIT_CONVERSION = YES;
				GCC_WARN_ABOUT_RETURN_TYPE = YES_ERROR;
				GCC_WARN_UNDECLARED_SELECTOR = YES;
				GCC_WARN_UNINITIALIZED_AUTOS = YES;
				GCC_WARN_UNUSED_FUNCTION = YES;
				GCC_WARN_UNUSED_VARIABLE = YES;
				ONLY_ACTIVE_ARCH = YES;
				SDKROOT = iphoneos;
				TARGETED_DEVICE_FAMILY = "1,2";
			};
			name = Debug;
		};
		D264F8B81820213200DA0E53 /* Release */ = {
			isa = XCBuildConfiguration;
			buildSettings = {
				ALWAYS_SEARCH_USER_PATHS = NO;
				CLANG_ANALYZER_LOCALIZABILITY_NONLOCALIZED = YES;
				CLANG_CXX_LANGUAGE_STANDARD = "gnu++0x";
				CLANG_CXX_LIBRARY = "libc++";
				CLANG_ENABLE_MODULES = YES;
				CLANG_ENABLE_OBJC_ARC = YES;
				CLANG_WARN_BLOCK_CAPTURE_AUTORELEASING = YES;
				CLANG_WARN_BOOL_CONVERSION = YES;
				CLANG_WARN_COMMA = YES;
				CLANG_WARN_CONSTANT_CONVERSION = YES;
				CLANG_WARN_DEPRECATED_OBJC_IMPLEMENTATIONS = YES;
				CLANG_WARN_DIRECT_OBJC_ISA_USAGE = YES_ERROR;
				CLANG_WARN_EMPTY_BODY = YES;
				CLANG_WARN_ENUM_CONVERSION = YES;
				CLANG_WARN_INFINITE_RECURSION = YES;
				CLANG_WARN_INT_CONVERSION = YES;
				CLANG_WARN_NON_LITERAL_NULL_CONVERSION = YES;
				CLANG_WARN_OBJC_IMPLICIT_RETAIN_SELF = YES;
				CLANG_WARN_OBJC_LITERAL_CONVERSION = YES;
				CLANG_WARN_OBJC_ROOT_CLASS = YES_ERROR;
				CLANG_WARN_QUOTED_INCLUDE_IN_FRAMEWORK_HEADER = YES;
				CLANG_WARN_RANGE_LOOP_ANALYSIS = YES;
				CLANG_WARN_STRICT_PROTOTYPES = YES;
				CLANG_WARN_SUSPICIOUS_MOVE = YES;
				CLANG_WARN_UNREACHABLE_CODE = YES;
				CLANG_WARN__DUPLICATE_METHOD_MATCH = YES;
				"CODE_SIGN_IDENTITY[sdk=iphoneos*]" = "iPhone Developer";
				COPY_PHASE_STRIP = YES;
				DEVELOPMENT_TEAM = 8M37KCPR2Q;
				DISPLAY_NAME = "JDSB Notifs";
				ENABLE_NS_ASSERTIONS = NO;
				ENABLE_STRICT_OBJC_MSGSEND = YES;
				GCC_C_LANGUAGE_STANDARD = gnu99;
				GCC_NO_COMMON_BLOCKS = YES;
				GCC_WARN_64_TO_32_BIT_CONVERSION = YES;
				GCC_WARN_ABOUT_RETURN_TYPE = YES_ERROR;
				GCC_WARN_UNDECLARED_SELECTOR = YES;
				GCC_WARN_UNINITIALIZED_AUTOS = YES;
				GCC_WARN_UNUSED_FUNCTION = YES;
				GCC_WARN_UNUSED_VARIABLE = YES;
				SDKROOT = iphoneos;
				SWIFT_COMPILATION_MODE = wholemodule;
				TARGETED_DEVICE_FAMILY = "1,2";
				VALIDATE_PRODUCT = YES;
			};
			name = Release;
		};
		D264F8BA1820213200DA0E53 /* Debug */ = {
			isa = XCBuildConfiguration;
			buildSettings = {
				ASSETCATALOG_COMPILER_APPICON_NAME = AppIcon;
				CLANG_ENABLE_MODULES = YES;
				GCC_PRECOMPILE_PREFIX_HEADER = YES;
				GCC_PREPROCESSOR_DEFINITIONS = "IS_SCENE_BASED_EXAMPLE=0";
				INFOPLIST_FILE = "JDStatusBarNotificationExample/Classic-Info.plist";
				IPHONEOS_DEPLOYMENT_TARGET = 13.0;
				LD_RUNPATH_SEARCH_PATHS = "$(inherited) @executable_path/Frameworks";
				PRODUCT_BUNDLE_IDENTIFIER = "com.calimarkus.${PRODUCT_NAME:rfc1034identifier}";
				PRODUCT_NAME = "JDSBN_${TARGET_NAME}";
				SWIFT_OBJC_BRIDGING_HEADER = "JDStatusBarNotificationExample/Swift-Bridging-Header.h";
				SWIFT_OPTIMIZATION_LEVEL = "-Onone";
				SWIFT_VERSION = 5.0;
				WARNING_CFLAGS = "-Wall";
				WRAPPER_EXTENSION = app;
			};
			name = Debug;
		};
		D264F8BB1820213200DA0E53 /* Release */ = {
			isa = XCBuildConfiguration;
			buildSettings = {
				ASSETCATALOG_COMPILER_APPICON_NAME = AppIcon;
				CLANG_ENABLE_MODULES = YES;
				GCC_PRECOMPILE_PREFIX_HEADER = YES;
				GCC_PREPROCESSOR_DEFINITIONS = "IS_SCENE_BASED_EXAMPLE=0";
				INFOPLIST_FILE = "JDStatusBarNotificationExample/Classic-Info.plist";
				IPHONEOS_DEPLOYMENT_TARGET = 13.0;
				LD_RUNPATH_SEARCH_PATHS = "$(inherited) @executable_path/Frameworks";
				PRODUCT_BUNDLE_IDENTIFIER = "com.calimarkus.${PRODUCT_NAME:rfc1034identifier}";
				PRODUCT_NAME = "JDSBN_${TARGET_NAME}";
				SWIFT_OBJC_BRIDGING_HEADER = "JDStatusBarNotificationExample/Swift-Bridging-Header.h";
				SWIFT_VERSION = 5.0;
				WARNING_CFLAGS = "-Wall";
				WRAPPER_EXTENSION = app;
			};
			name = Release;
		};
/* End XCBuildConfiguration section */

/* Begin XCConfigurationList section */
		7EA91CC0284EF3AF00F32F09 /* Build configuration list for PBXNativeTarget "LayoutDebugging" */ = {
			isa = XCConfigurationList;
			buildConfigurations = (
				7EA91CC1284EF3AF00F32F09 /* Debug */,
				7EA91CC2284EF3AF00F32F09 /* Release */,
			);
			defaultConfigurationIsVisible = 0;
			defaultConfigurationName = Release;
		};
		7EFD779E2843461D000BFBF1 /* Build configuration list for PBXNativeTarget "WindowSceneExample" */ = {
			isa = XCConfigurationList;
			buildConfigurations = (
				7EFD779F2843461D000BFBF1 /* Debug */,
				7EFD77A02843461D000BFBF1 /* Release */,
			);
			defaultConfigurationIsVisible = 0;
			defaultConfigurationName = Release;
		};
		D264F8881820213200DA0E53 /* Build configuration list for PBXProject "JDStatusBarNotificationExample" */ = {
			isa = XCConfigurationList;
			buildConfigurations = (
				D264F8B71820213200DA0E53 /* Debug */,
				D264F8B81820213200DA0E53 /* Release */,
			);
			defaultConfigurationIsVisible = 0;
			defaultConfigurationName = Release;
		};
		D264F8B91820213200DA0E53 /* Build configuration list for PBXNativeTarget "ClassicExample" */ = {
			isa = XCConfigurationList;
			buildConfigurations = (
				D264F8BA1820213200DA0E53 /* Debug */,
				D264F8BB1820213200DA0E53 /* Release */,
			);
			defaultConfigurationIsVisible = 0;
			defaultConfigurationName = Release;
		};
/* End XCConfigurationList section */
	};
	rootObject = D264F8851820213200DA0E53 /* Project object */;
}
