PODS:
  - FTFontSelector (1.1.3)
  - InfColorPicker (0.0.1)

DEPENDENCIES:
  - FTFontSelector
  - InfColorPicker

SPEC REPOS:
  https://github.com/cocoapods/specs.git:
    - FTFontSelector
    - InfColorPicker

SPEC CHECKSUMS:
  FTFontSelector: a5f0fc4dfb1606ad76da38570b0816c2e6c0d136
  InfColorPicker: 8bfb8d8d44c356f0c98587a049783e900d7b5ff9

PODFILE CHECKSUM: 82ca418f297a92c39ba3d6ed8c8457ea4538fa5e

COCOAPODS: 1.5.3
