// !$*UTF8*$!
{
	archiveVersion = 1;
	classes = {
	};
	objectVersion = 56;
	objects = {

/* Begin PBXBuildFile section */
		28A0A8062D08FA3B007EF675 /* ContentView1.swift in Sources */ = {isa = PBXBuildFile; fileRef = 28A0A8052D08FA3B007EF675 /* ContentView1.swift */; };
		2F09D4C844F74D4B8F079160 /* libPods-pod_test.a in Frameworks */ = {isa = PBXBuildFile; fileRef = DC30F6DDA748D5FF5BC38BAB /* libPods-pod_test.a */; };
		7ED306A82AF833B500F6FFE3 /* SomeObjcClass.m in Sources */ = {isa = PBXBuildFile; fileRef = 7ED306A62AF8337400F6FFE3 /* SomeObjcClass.m */; };
		7ED5176E2AF68AB700D29ED7 /* pod_testApp.swift in Sources */ = {isa = PBXBuildFile; fileRef = 7ED5176D2AF68AB700D29ED7 /* pod_testApp.swift */; };
/* End PBXBuildFile section */

/* Begin PBXFileReference section */
		28A0A8052D08FA3B007EF675 /* ContentView1.swift */ = {isa = PBXFileReference; lastKnownFileType = sourcecode.swift; name = ContentView1.swift; path = ../spm_testProject/spm_test/ContentView1.swift; sourceTree = SOURCE_ROOT; };
		7ED306A62AF8337400F6FFE3 /* SomeObjcClass.m */ = {isa = PBXFileReference; lastKnownFileType = sourcecode.c.objc; path = SomeObjcClass.m; sourceTree = "<group>"; };
		7ED306A72AF8337700F6FFE3 /* SomeObjcClass.h */ = {isa = PBXFileReference; lastKnownFileType = sourcecode.c.h; path = SomeObjcClass.h; sourceTree = "<group>"; };
		7ED5176A2AF68AB700D29ED7 /* pod_test.app */ = {isa = PBXFileReference; explicitFileType = wrapper.application; includeInIndex = 0; path = pod_test.app; sourceTree = BUILT_PRODUCTS_DIR; };
		7ED5176D2AF68AB700D29ED7 /* pod_testApp.swift */ = {isa = PBXFileReference; lastKnownFileType = sourcecode.swift; path = pod_testApp.swift; sourceTree = "<group>"; };
		83485C80DA17F59AA0586F3A /* Pods-pod_test.debug.xcconfig */ = {isa = PBXFileReference; includeInIndex = 1; lastKnownFileType = text.xcconfig; name = "Pods-pod_test.debug.xcconfig"; path = "Target Support Files/Pods-pod_test/Pods-pod_test.debug.xcconfig"; sourceTree = "<group>"; };
		B6074F52E4162FEB137CD7F2 /* Pods-pod_test.release.xcconfig */ = {isa = PBXFileReference; includeInIndex = 1; lastKnownFileType = text.xcconfig; name = "Pods-pod_test.release.xcconfig"; path = "Target Support Files/Pods-pod_test/Pods-pod_test.release.xcconfig"; sourceTree = "<group>"; };
		DC30F6DDA748D5FF5BC38BAB /* libPods-pod_test.a */ = {isa = PBXFileReference; explicitFileType = archive.ar; includeInIndex = 0; path = "libPods-pod_test.a"; sourceTree = BUILT_PRODUCTS_DIR; };
/* End PBXFileReference section */

/* Begin PBXFrameworksBuildPhase section */
		7ED517672AF68AB700D29ED7 /* Frameworks */ = {
			isa = PBXFrameworksBuildPhase;
			buildActionMask = 2147483647;
			files = (
				2F09D4C844F74D4B8F079160 /* libPods-pod_test.a in Frameworks */,
			);
			runOnlyForDeploymentPostprocessing = 0;
		};
/* End PBXFrameworksBuildPhase section */

/* Begin PBXGroup section */
		13756A16E62C600D98D5DCDF /* Pods */ = {
			isa = PBXGroup;
			children = (
				83485C80DA17F59AA0586F3A /* Pods-pod_test.debug.xcconfig */,
				B6074F52E4162FEB137CD7F2 /* Pods-pod_test.release.xcconfig */,
			);
			path = Pods;
			sourceTree = "<group>";
		};
		7040FA18D0319CBD0EB4F26E /* Frameworks */ = {
			isa = PBXGroup;
			children = (
				DC30F6DDA748D5FF5BC38BAB /* libPods-pod_test.a */,
			);
			name = Frameworks;
			sourceTree = "<group>";
		};
		7ED517612AF68AB700D29ED7 = {
			isa = PBXGroup;
			children = (
				7ED5176C2AF68AB700D29ED7 /* pod_test */,
				7ED5176B2AF68AB700D29ED7 /* Products */,
				13756A16E62C600D98D5DCDF /* Pods */,
				7040FA18D0319CBD0EB4F26E /* Frameworks */,
			);
			sourceTree = "<group>";
		};
		7ED5176B2AF68AB700D29ED7 /* Products */ = {
			isa = PBXGroup;
			children = (
				7ED5176A2AF68AB700D29ED7 /* pod_test.app */,
			);
			name = Products;
			sourceTree = "<group>";
		};
		7ED5176C2AF68AB700D29ED7 /* pod_test */ = {
			isa = PBXGroup;
			children = (
				7ED5176D2AF68AB700D29ED7 /* pod_testApp.swift */,
				28A0A8052D08FA3B007EF675 /* ContentView1.swift */,
				7ED306A72AF8337700F6FFE3 /* SomeObjcClass.h */,
				7ED306A62AF8337400F6FFE3 /* SomeObjcClass.m */,
			);
			path = pod_test;
			sourceTree = "<group>";
		};
/* End PBXGroup section */

/* Begin PBXNativeTarget section */
		7ED517692AF68AB700D29ED7 /* pod_test */ = {
			isa = PBXNativeTarget;
			buildConfigurationList = 7ED517782AF68AB900D29ED7 /* Build configuration list for PBXNativeTarget "pod_test" */;
			buildPhases = (
				1AC832C6252D1EE141E99880 /* [CP] Check Pods Manifest.lock */,
				7ED517662AF68AB700D29ED7 /* Sources */,
				7ED517672AF68AB700D29ED7 /* Frameworks */,
				7ED517682AF68AB700D29ED7 /* Resources */,
			);
			buildRules = (
			);
			dependencies = (
			);
			name = pod_test;
			productName = pod_test;
			productReference = 7ED5176A2AF68AB700D29ED7 /* pod_test.app */;
			productType = "com.apple.product-type.application";
		};
/* End PBXNativeTarget section */

/* Begin PBXProject section */
		7ED517622AF68AB700D29ED7 /* Project object */ = {
			isa = PBXProject;
			attributes = {
				BuildIndependentTargetsInParallel = 1;
				LastSwiftUpdateCheck = 1510;
				LastUpgradeCheck = 1510;
				TargetAttributes = {
					7ED517692AF68AB700D29ED7 = {
						CreatedOnToolsVersion = 15.1;
						LastSwiftMigration = 1510;
					};
				};
			};
			buildConfigurationList = 7ED517652AF68AB700D29ED7 /* Build configuration list for PBXProject "pod_test" */;
			compatibilityVersion = "Xcode 14.0";
			developmentRegion = en;
			hasScannedForEncodings = 0;
			knownRegions = (
				en,
				Base,
			);
			mainGroup = 7ED517612AF68AB700D29ED7;
			productRefGroup = 7ED5176B2AF68AB700D29ED7 /* Products */;
			projectDirPath = "";
			projectRoot = "";
			targets = (
				7ED517692AF68AB700D29ED7 /* pod_test */,
			);
		};
/* End PBXProject section */

/* Begin PBXResourcesBuildPhase section */
		7ED517682AF68AB700D29ED7 /* Resources */ = {
			isa = PBXResourcesBuildPhase;
			buildActionMask = 2147483647;
			files = (
			);
			runOnlyForDeploymentPostprocessing = 0;
		};
/* End PBXResourcesBuildPhase section */

/* Begin PBXShellScriptBuildPhase section */
		1AC832C6252D1EE141E99880 /* [CP] Check Pods Manifest.lock */ = {
			isa = PBXShellScriptBuildPhase;
			buildActionMask = 2147483647;
			files = (
			);
			inputFileListPaths = (
			);
			inputPaths = (
				"${PODS_PODFILE_DIR_PATH}/Podfile.lock",
				"${PODS_ROOT}/Manifest.lock",
			);
			name = "[CP] Check Pods Manifest.lock";
			outputFileListPaths = (
			);
			outputPaths = (
				"$(DERIVED_FILE_DIR)/Pods-pod_test-checkManifestLockResult.txt",
			);
			runOnlyForDeploymentPostprocessing = 0;
			shellPath = /bin/sh;
			shellScript = "diff \"${PODS_PODFILE_DIR_PATH}/Podfile.lock\" \"${PODS_ROOT}/Manifest.lock\" > /dev/null\nif [ $? != 0 ] ; then\n    # print error to STDERR\n    echo \"error: The sandbox is not in sync with the Podfile.lock. Run 'pod install' or update your CocoaPods installation.\" >&2\n    exit 1\nfi\n# This output is used by Xcode 'outputs' to avoid re-running this script phase.\necho \"SUCCESS\" > \"${SCRIPT_OUTPUT_FILE_0}\"\n";
			showEnvVarsInLog = 0;
		};
/* End PBXShellScriptBuildPhase section */

/* Begin PBXSourcesBuildPhase section */
		7ED517662AF68AB700D29ED7 /* Sources */ = {
			isa = PBXSourcesBuildPhase;
			buildActionMask = 2147483647;
			files = (
				28A0A8062D08FA3B007EF675 /* ContentView1.swift in Sources */,
				7ED306A82AF833B500F6FFE3 /* SomeObjcClass.m in Sources */,
				7ED5176E2AF68AB700D29ED7 /* pod_testApp.swift in Sources */,
			);
			runOnlyForDeploymentPostprocessing = 0;
		};
/* End PBXSourcesBuildPhase section */

/* Begin XCBuildConfiguration section */
		7ED517762AF68AB900D29ED7 /* Debug */ = {
			isa = XCBuildConfiguration;
			buildSettings = {
				ALWAYS_SEARCH_USER_PATHS = NO;
				ASSETCATALOG_COMPILER_GENERATE_SWIFT_ASSET_SYMBOL_EXTENSIONS = YES;
				CLANG_ANALYZER_NONNULL = YES;
				CLANG_ANALYZER_NUMBER_OBJECT_CONVERSION = YES_AGGRESSIVE;
				CLANG_CXX_LANGUAGE_STANDARD = "gnu++20";
				CLANG_ENABLE_MODULES = YES;
				CLANG_ENABLE_OBJC_ARC = YES;
				CLANG_ENABLE_OBJC_WEAK = YES;
				CLANG_WARN_BLOCK_CAPTURE_AUTORELEASING = YES;
				CLANG_WARN_BOOL_CONVERSION = YES;
				CLANG_WARN_COMMA = YES;
				CLANG_WARN_CONSTANT_CONVERSION = YES;
				CLANG_WARN_DEPRECATED_OBJC_IMPLEMENTATIONS = YES;
				CLANG_WARN_DIRECT_OBJC_ISA_USAGE = YES_ERROR;
				CLANG_WARN_DOCUMENTATION_COMMENTS = YES;
				CLANG_WARN_EMPTY_BODY = YES;
				CLANG_WARN_ENUM_CONVERSION = YES;
				CLANG_WARN_INFINITE_RECURSION = YES;
				CLANG_WARN_INT_CONVERSION = YES;
				CLANG_WARN_NON_LITERAL_NULL_CONVERSION = YES;
				CLANG_WARN_OBJC_IMPLICIT_RETAIN_SELF = YES;
				CLANG_WARN_OBJC_LITERAL_CONVERSION = YES;
				CLANG_WARN_OBJC_ROOT_CLASS = YES_ERROR;
				CLANG_WARN_QUOTED_INCLUDE_IN_FRAMEWORK_HEADER = YES;
				CLANG_WARN_RANGE_LOOP_ANALYSIS = YES;
				CLANG_WARN_STRICT_PROTOTYPES = YES;
				CLANG_WARN_SUSPICIOUS_MOVE = YES;
				CLANG_WARN_UNGUARDED_AVAILABILITY = YES_AGGRESSIVE;
				CLANG_WARN_UNREACHABLE_CODE = YES;
				CLANG_WARN__DUPLICATE_METHOD_MATCH = YES;
				COPY_PHASE_STRIP = NO;
				DEBUG_INFORMATION_FORMAT = dwarf;
				ENABLE_STRICT_OBJC_MSGSEND = YES;
				ENABLE_TESTABILITY = YES;
				ENABLE_USER_SCRIPT_SANDBOXING = YES;
				GCC_C_LANGUAGE_STANDARD = gnu17;
				GCC_DYNAMIC_NO_PIC = NO;
				GCC_NO_COMMON_BLOCKS = YES;
				GCC_OPTIMIZATION_LEVEL = 0;
				GCC_PREPROCESSOR_DEFINITIONS = (
					"DEBUG=1",
					"$(inherited)",
				);
				GCC_WARN_64_TO_32_BIT_CONVERSION = YES;
				GCC_WARN_ABOUT_RETURN_TYPE = YES_ERROR;
				GCC_WARN_UNDECLARED_SELECTOR = YES;
				GCC_WARN_UNINITIALIZED_AUTOS = YES_AGGRESSIVE;
				GCC_WARN_UNUSED_FUNCTION = YES;
				GCC_WARN_UNUSED_VARIABLE = YES;
				IPHONEOS_DEPLOYMENT_TARGET = 17.2;
				LOCALIZATION_PREFERS_STRING_CATALOGS = YES;
				MTL_ENABLE_DEBUG_INFO = INCLUDE_SOURCE;
				MTL_FAST_MATH = YES;
				ONLY_ACTIVE_ARCH = YES;
				SDKROOT = iphoneos;
				SWIFT_ACTIVE_COMPILATION_CONDITIONS = "DEBUG $(inherited)";
				SWIFT_OPTIMIZATION_LEVEL = "-Onone";
			};
			name = Debug;
		};
		7ED517772AF68AB900D29ED7 /* Release */ = {
			isa = XCBuildConfiguration;
			buildSettings = {
				ALWAYS_SEARCH_USER_PATHS = NO;
				ASSETCATALOG_COMPILER_GENERATE_SWIFT_ASSET_SYMBOL_EXTENSIONS = YES;
				CLANG_ANALYZER_NONNULL = YES;
				CLANG_ANALYZER_NUMBER_OBJECT_CONVERSION = YES_AGGRESSIVE;
				CLANG_CXX_LANGUAGE_STANDARD = "gnu++20";
				CLANG_ENABLE_MODULES = YES;
				CLANG_ENABLE_OBJC_ARC = YES;
				CLANG_ENABLE_OBJC_WEAK = YES;
				CLANG_WARN_BLOCK_CAPTURE_AUTORELEASING = YES;
				CLANG_WARN_BOOL_CONVERSION = YES;
				CLANG_WARN_COMMA = YES;
				CLANG_WARN_CONSTANT_CONVERSION = YES;
				CLANG_WARN_DEPRECATED_OBJC_IMPLEMENTATIONS = YES;
				CLANG_WARN_DIRECT_OBJC_ISA_USAGE = YES_ERROR;
				CLANG_WARN_DOCUMENTATION_COMMENTS = YES;
				CLANG_WARN_EMPTY_BODY = YES;
				CLANG_WARN_ENUM_CONVERSION = YES;
				CLANG_WARN_INFINITE_RECURSION = YES;
				CLANG_WARN_INT_CONVERSION = YES;
				CLANG_WARN_NON_LITERAL_NULL_CONVERSION = YES;
				CLANG_WARN_OBJC_IMPLICIT_RETAIN_SELF = YES;
				CLANG_WARN_OBJC_LITERAL_CONVERSION = YES;
				CLANG_WARN_OBJC_ROOT_CLASS = YES_ERROR;
				CLANG_WARN_QUOTED_INCLUDE_IN_FRAMEWORK_HEADER = YES;
				CLANG_WARN_RANGE_LOOP_ANALYSIS = YES;
				CLANG_WARN_STRICT_PROTOTYPES = YES;
				CLANG_WARN_SUSPICIOUS_MOVE = YES;
				CLANG_WARN_UNGUARDED_AVAILABILITY = YES_AGGRESSIVE;
				CLANG_WARN_UNREACHABLE_CODE = YES;
				CLANG_WARN__DUPLICATE_METHOD_MATCH = YES;
				COPY_PHASE_STRIP = NO;
				DEBUG_INFORMATION_FORMAT = "dwarf-with-dsym";
				ENABLE_NS_ASSERTIONS = NO;
				ENABLE_STRICT_OBJC_MSGSEND = YES;
				ENABLE_USER_SCRIPT_SANDBOXING = YES;
				GCC_C_LANGUAGE_STANDARD = gnu17;
				GCC_NO_COMMON_BLOCKS = YES;
				GCC_WARN_64_TO_32_BIT_CONVERSION = YES;
				GCC_WARN_ABOUT_RETURN_TYPE = YES_ERROR;
				GCC_WARN_UNDECLARED_SELECTOR = YES;
				GCC_WARN_UNINITIALIZED_AUTOS = YES_AGGRESSIVE;
				GCC_WARN_UNUSED_FUNCTION = YES;
				GCC_WARN_UNUSED_VARIABLE = YES;
				IPHONEOS_DEPLOYMENT_TARGET = 17.2;
				LOCALIZATION_PREFERS_STRING_CATALOGS = YES;
				MTL_ENABLE_DEBUG_INFO = NO;
				MTL_FAST_MATH = YES;
				SDKROOT = iphoneos;
				SWIFT_COMPILATION_MODE = wholemodule;
				VALIDATE_PRODUCT = YES;
			};
			name = Release;
		};
		7ED517792AF68AB900D29ED7 /* Debug */ = {
			isa = XCBuildConfiguration;
			baseConfigurationReference = 83485C80DA17F59AA0586F3A /* Pods-pod_test.debug.xcconfig */;
			buildSettings = {
				CLANG_ENABLE_MODULES = YES;
				CODE_SIGN_STYLE = Automatic;
				CURRENT_PROJECT_VERSION = 1;
				DEVELOPMENT_TEAM = 8M37KCPR2Q;
				ENABLE_PREVIEWS = YES;
				GENERATE_INFOPLIST_FILE = YES;
				INFOPLIST_KEY_UIApplicationSceneManifest_Generation = YES;
				INFOPLIST_KEY_UIApplicationSupportsIndirectInputEvents = YES;
				INFOPLIST_KEY_UILaunchScreen_Generation = YES;
				INFOPLIST_KEY_UISupportedInterfaceOrientations_iPad = "UIInterfaceOrientationPortrait UIInterfaceOrientationPortraitUpsideDown UIInterfaceOrientationLandscapeLeft UIInterfaceOrientationLandscapeRight";
				INFOPLIST_KEY_UISupportedInterfaceOrientations_iPhone = "UIInterfaceOrientationPortrait UIInterfaceOrientationLandscapeLeft UIInterfaceOrientationLandscapeRight";
				IPHONEOS_DEPLOYMENT_TARGET = 17.0;
				LD_RUNPATH_SEARCH_PATHS = (
					"$(inherited)",
					"@executable_path/Frameworks",
				);
				MARKETING_VERSION = 1.0;
				PRODUCT_BUNDLE_IDENTIFIER = "com.calimarkus.swift-test";
				PRODUCT_NAME = "$(TARGET_NAME)";
				SWIFT_EMIT_LOC_STRINGS = YES;
				SWIFT_OPTIMIZATION_LEVEL = "-Onone";
				SWIFT_VERSION = 5.0;
				TARGETED_DEVICE_FAMILY = "1,2";
			};
			name = Debug;
		};
		7ED5177A2AF68AB900D29ED7 /* Release */ = {
			isa = XCBuildConfiguration;
			baseConfigurationReference = B6074F52E4162FEB137CD7F2 /* Pods-pod_test.release.xcconfig */;
			buildSettings = {
				CLANG_ENABLE_MODULES = YES;
				CODE_SIGN_STYLE = Automatic;
				CURRENT_PROJECT_VERSION = 1;
				DEVELOPMENT_TEAM = 8M37KCPR2Q;
				ENABLE_PREVIEWS = YES;
				GENERATE_INFOPLIST_FILE = YES;
				INFOPLIST_KEY_UIApplicationSceneManifest_Generation = YES;
				INFOPLIST_KEY_UIApplicationSupportsIndirectInputEvents = YES;
				INFOPLIST_KEY_UILaunchScreen_Generation = YES;
				INFOPLIST_KEY_UISupportedInterfaceOrientations_iPad = "UIInterfaceOrientationPortrait UIInterfaceOrientationPortraitUpsideDown UIInterfaceOrientationLandscapeLeft UIInterfaceOrientationLandscapeRight";
				INFOPLIST_KEY_UISupportedInterfaceOrientations_iPhone = "UIInterfaceOrientationPortrait UIInterfaceOrientationLandscapeLeft UIInterfaceOrientationLandscapeRight";
				IPHONEOS_DEPLOYMENT_TARGET = 17.0;
				LD_RUNPATH_SEARCH_PATHS = (
					"$(inherited)",
					"@executable_path/Frameworks",
				);
				MARKETING_VERSION = 1.0;
				PRODUCT_BUNDLE_IDENTIFIER = "com.calimarkus.swift-test";
				PRODUCT_NAME = "$(TARGET_NAME)";
				SWIFT_EMIT_LOC_STRINGS = YES;
				SWIFT_VERSION = 5.0;
				TARGETED_DEVICE_FAMILY = "1,2";
			};
			name = Release;
		};
/* End XCBuildConfiguration section */

/* Begin XCConfigurationList section */
		7ED517652AF68AB700D29ED7 /* Build configuration list for PBXProject "pod_test" */ = {
			isa = XCConfigurationList;
			buildConfigurations = (
				7ED517762AF68AB900D29ED7 /* Debug */,
				7ED517772AF68AB900D29ED7 /* Release */,
			);
			defaultConfigurationIsVisible = 0;
			defaultConfigurationName = Release;
		};
		7ED517782AF68AB900D29ED7 /* Build configuration list for PBXNativeTarget "pod_test" */ = {
			isa = XCConfigurationList;
			buildConfigurations = (
				7ED517792AF68AB900D29ED7 /* Debug */,
				7ED5177A2AF68AB900D29ED7 /* Release */,
			);
			defaultConfigurationIsVisible = 0;
			defaultConfigurationName = Release;
		};
/* End XCConfigurationList section */
	};
	rootObject = 7ED517622AF68AB700D29ED7 /* Project object */;
}
